
Microsoft Visual Studio Solution File, Format Version 12.00
# Visual Studio Version 16
VisualStudioVersion = 16.0.31129.286
MinimumVisualStudioVersion = 10.0.40219.1
Project("{2150E333-8FDC-42A3-9474-1A3956D46DE8}") = "Helpers", "Helpers", "{5A4FDE80-290F-4B2F-AF63-817BD2016054}"
EndProject
Project("{2150E333-8FDC-42A3-9474-1A3956D46DE8}") = "Rdms", "Rdms", "{CE3092C5-5E56-4587-A8A9-0F3940C48A9D}"
EndProject
Project("{FAE04EC0-301F-11D3-BF4B-00C04F79EFBC}") = "GVUZ.Web", "GVUZ.Web\GVUZ.Web.csproj", "{8733A283-3F72-47E4-84EA-7FB541BB06B4}"
EndProject
Project("{FAE04EC0-301F-11D3-BF4B-00C04F79EFBC}") = "GVUZ.Helper", "GVUZ.Helper\GVUZ.Helper.csproj", "{2821A68D-1955-426C-81F5-73951804FA8A}"
EndProject
Project("{FAE04EC0-301F-11D3-BF4B-00C04F79EFBC}") = "GVUZ.Model", "GVUZ.Model\GVUZ.Model.csproj", "{BF47ACA9-1DC7-4A28-BAE8-378421D198B3}"
EndProject
Project("{FAE04EC0-301F-11D3-BF4B-00C04F79EFBC}") = "FogSoft.WSRP", "FogSoft.WSRP\FogSoft.WSRP.csproj", "{09138548-68D3-4EC0-9294-36833C0AED19}"
EndProject
Project("{FAE04EC0-301F-11D3-BF4B-00C04F79EFBC}") = "FogSoft.Helpers", "Helpers\FogSoft.Helpers\FogSoft.Helpers.csproj", "{173475E2-84C2-46BE-BDFF-167D46632792}"
EndProject
Project("{FAE04EC0-301F-11D3-BF4B-00C04F79EFBC}") = "FogSoft.Patcher", "Helpers\FogSoft.Patcher\FogSoft.Patcher.csproj", "{4DEEFE86-5A2B-43AF-BFC4-79AD4D0CC6F2}"
EndProject
Project("{FAE04EC0-301F-11D3-BF4B-00C04F79EFBC}") = "ClearUsernameBinding", "Rdms\ClearUsernameBinding\ClearUsernameBinding.csproj", "{D2BC4C2B-591E-4489-9515-0075112F73B0}"
EndProject
Project("{FAE04EC0-301F-11D3-BF4B-00C04F79EFBC}") = "Rdms.Communication", "Rdms\Communication\Rdms.Communication.csproj", "{3733A805-9DD7-4E8C-B72A-8A419E94A7B8}"
EndProject
Project("{FAE04EC0-301F-11D3-BF4B-00C04F79EFBC}") = "GVUZ.ImportServiceTest", "GVUZ.ImportServiceTest\GVUZ.ImportServiceTest.csproj", "{43D34A7E-974A-4278-B75F-3DE88EB6DD49}"
EndProject
Project("{FAE04EC0-301F-11D3-BF4B-00C04F79EFBC}") = "FogSoft.Web", "Helpers\FogSoft.Web\FogSoft.Web.csproj", "{E8A0701F-4B7B-4158-9C18-10FB5ED9DCB2}"
EndProject
Project("{FAE04EC0-301F-11D3-BF4B-00C04F79EFBC}") = "FogSoft.Import", "Helpers\FogSoft.Import\FogSoft.Import.csproj", "{9410C848-A627-470A-B373-9C7F038A7765}"
EndProject
Project("{FAE04EC0-301F-11D3-BF4B-00C04F79EFBC}") = "GVUZ.ServiceModel", "GVUZ.ServiceModel\GVUZ.ServiceModel.csproj", "{0B539F23-B7BD-4080-BFC2-FC3ABAC6DA5D}"
EndProject
Project("{FAE04EC0-301F-11D3-BF4B-00C04F79EFBC}") = "GVUZ.ServicesTest", "GVUZ.TestServices\GVUZ.ServicesTest.csproj", "{2694A934-1676-451F-B44F-0C0CE51AB065}"
EndProject
Project("{FAE04EC0-301F-11D3-BF4B-00C04F79EFBC}") = "GVUZ.Util", "GVUZ.Util\GVUZ.Util.csproj", "{22E7C05C-F089-46F2-94C7-34977EBCCECD}"
EndProject
Project("{FAE04EC0-301F-11D3-BF4B-00C04F79EFBC}") = "GVUZ.ImportService2016.Core", "GVUZ.ImportService2016.Core\GVUZ.ImportService2016.Core.csproj", "{A80735FC-92A4-4390-A524-FE90F5A9D1A4}"
EndProject
Project("{FAE04EC0-301F-11D3-BF4B-00C04F79EFBC}") = "GVUZ.ImportService2016", "GVUZ.ImportService2016\GVUZ.ImportService2016.csproj", "{269EB12F-09F3-4EF6-AEFC-6635846DF02F}"
EndProject
Project("{FAE04EC0-301F-11D3-BF4B-00C04F79EFBC}") = "GVUZ.DAL", "GVUZ.DAL\GVUZ.DAL.csproj", "{461DD23C-AA0B-44BE-BB7B-1E949F24CD57}"
EndProject
Project("{FAE04EC0-301F-11D3-BF4B-00C04F79EFBC}") = "GVUZ.ImportService2016Test", "GVUZ.ImportService2016Test\GVUZ.ImportService2016Test.csproj", "{A45462D4-C670-4FC6-B59B-7E1B37007A12}"
EndProject
Project("{FAE04EC0-301F-11D3-BF4B-00C04F79EFBC}") = "GVUZ.CompositionExportModel", "GVUZ.CompositionExportModel\GVUZ.CompositionExportModel.csproj", "{1B20E4D0-2ACD-4065-8CE9-F4949C54DBBA}"
EndProject
Project("{FAE04EC0-301F-11D3-BF4B-00C04F79EFBC}") = "GVUZ.CompositionExportServiceHost", "GVUZ.CompositionExportHost\GVUZ.CompositionExportServiceHost.csproj", "{A8119D61-4901-49FB-B90F-4718A6A7075A}"
EndProject
Project("{FAE04EC0-301F-11D3-BF4B-00C04F79EFBC}") = "CompositionExportServiceClient", "CompositionExportServiceClient\CompositionExportServiceClient.csproj", "{20B601FA-6B11-4415-B98C-8B1016357C9A}"
EndProject
Project("{2150E333-8FDC-42A3-9474-1A3956D46DE8}") = "Apps", "Apps", "{6DD2E866-BF20-40DD-B7D7-6FFEDCBD8B00}"
EndProject
Project("{2150E333-8FDC-42A3-9474-1A3956D46DE8}") = "Web", "Web", "{69E2D526-70B6-49D9-B079-370A7936A75F}"
EndProject
Project("{2150E333-8FDC-42A3-9474-1A3956D46DE8}") = "Common", "Common", "{2BAFD798-0E98-4DF1-B484-FAC64CF242F1}"
EndProject
Global
	GlobalSection(SolutionConfigurationPlatforms) = preSolution
		Debug|Any CPU = Debug|Any CPU
		Debug|x64 = Debug|x64
		Debug|x86 = Debug|x86
		Release|Any CPU = Release|Any CPU
		Release|x64 = Release|x64
		Release|x86 = Release|x86
	EndGlobalSection
	GlobalSection(ProjectConfigurationPlatforms) = postSolution
		{8733A283-3F72-47E4-84EA-7FB541BB06B4}.Debug|Any CPU.ActiveCfg = Debug|Any CPU
		{8733A283-3F72-47E4-84EA-7FB541BB06B4}.Debug|Any CPU.Build.0 = Debug|Any CPU
		{8733A283-3F72-47E4-84EA-7FB541BB06B4}.Debug|x64.ActiveCfg = Debug|Any CPU
		{8733A283-3F72-47E4-84EA-7FB541BB06B4}.Debug|x86.ActiveCfg = Debug|Any CPU
		{8733A283-3F72-47E4-84EA-7FB541BB06B4}.Debug|x86.Build.0 = Debug|Any CPU
		{8733A283-3F72-47E4-84EA-7FB541BB06B4}.Release|Any CPU.ActiveCfg = Release|Any CPU
		{8733A283-3F72-47E4-84EA-7FB541BB06B4}.Release|Any CPU.Build.0 = Release|Any CPU
		{8733A283-3F72-47E4-84EA-7FB541BB06B4}.Release|x64.ActiveCfg = Release|Any CPU
		{8733A283-3F72-47E4-84EA-7FB541BB06B4}.Release|x86.ActiveCfg = Release|Any CPU
		{8733A283-3F72-47E4-84EA-7FB541BB06B4}.Release|x86.Build.0 = Release|Any CPU
		{2821A68D-1955-426C-81F5-73951804FA8A}.Debug|Any CPU.ActiveCfg = Debug|Any CPU
		{2821A68D-1955-426C-81F5-73951804FA8A}.Debug|Any CPU.Build.0 = Debug|Any CPU
		{2821A68D-1955-426C-81F5-73951804FA8A}.Debug|x64.ActiveCfg = Debug|Any CPU
		{2821A68D-1955-426C-81F5-73951804FA8A}.Debug|x86.ActiveCfg = Debug|Any CPU
		{2821A68D-1955-426C-81F5-73951804FA8A}.Debug|x86.Build.0 = Debug|Any CPU
		{2821A68D-1955-426C-81F5-73951804FA8A}.Release|Any CPU.ActiveCfg = Release|Any CPU
		{2821A68D-1955-426C-81F5-73951804FA8A}.Release|Any CPU.Build.0 = Release|Any CPU
		{2821A68D-1955-426C-81F5-73951804FA8A}.Release|x64.ActiveCfg = Release|Any CPU
		{2821A68D-1955-426C-81F5-73951804FA8A}.Release|x86.ActiveCfg = Release|Any CPU
		{2821A68D-1955-426C-81F5-73951804FA8A}.Release|x86.Build.0 = Release|Any CPU
		{BF47ACA9-1DC7-4A28-BAE8-378421D198B3}.Debug|Any CPU.ActiveCfg = Debug|Any CPU
		{BF47ACA9-1DC7-4A28-BAE8-378421D198B3}.Debug|Any CPU.Build.0 = Debug|Any CPU
		{BF47ACA9-1DC7-4A28-BAE8-378421D198B3}.Debug|x64.ActiveCfg = Debug|Any CPU
		{BF47ACA9-1DC7-4A28-BAE8-378421D198B3}.Debug|x86.ActiveCfg = Debug|Any CPU
		{BF47ACA9-1DC7-4A28-BAE8-378421D198B3}.Debug|x86.Build.0 = Debug|Any CPU
		{BF47ACA9-1DC7-4A28-BAE8-378421D198B3}.Release|Any CPU.ActiveCfg = Release|Any CPU
		{BF47ACA9-1DC7-4A28-BAE8-378421D198B3}.Release|Any CPU.Build.0 = Release|Any CPU
		{BF47ACA9-1DC7-4A28-BAE8-378421D198B3}.Release|x64.ActiveCfg = Release|Any CPU
		{BF47ACA9-1DC7-4A28-BAE8-378421D198B3}.Release|x86.ActiveCfg = Release|Any CPU
		{BF47ACA9-1DC7-4A28-BAE8-378421D198B3}.Release|x86.Build.0 = Release|Any CPU
		{09138548-68D3-4EC0-9294-36833C0AED19}.Debug|Any CPU.ActiveCfg = Debug|Any CPU
		{09138548-68D3-4EC0-9294-36833C0AED19}.Debug|Any CPU.Build.0 = Debug|Any CPU
		{09138548-68D3-4EC0-9294-36833C0AED19}.Debug|x64.ActiveCfg = Debug|Any CPU
		{09138548-68D3-4EC0-9294-36833C0AED19}.Debug|x86.ActiveCfg = Debug|Any CPU
		{09138548-68D3-4EC0-9294-36833C0AED19}.Debug|x86.Build.0 = Debug|Any CPU
		{09138548-68D3-4EC0-9294-36833C0AED19}.Release|Any CPU.ActiveCfg = Release|Any CPU
		{09138548-68D3-4EC0-9294-36833C0AED19}.Release|Any CPU.Build.0 = Release|Any CPU
		{09138548-68D3-4EC0-9294-36833C0AED19}.Release|x64.ActiveCfg = Release|Any CPU
		{09138548-68D3-4EC0-9294-36833C0AED19}.Release|x86.ActiveCfg = Release|Any CPU
		{09138548-68D3-4EC0-9294-36833C0AED19}.Release|x86.Build.0 = Release|Any CPU
		{173475E2-84C2-46BE-BDFF-167D46632792}.Debug|Any CPU.ActiveCfg = Debug|Any CPU
		{173475E2-84C2-46BE-BDFF-167D46632792}.Debug|Any CPU.Build.0 = Debug|Any CPU
		{173475E2-84C2-46BE-BDFF-167D46632792}.Debug|x64.ActiveCfg = Debug|Any CPU
		{173475E2-84C2-46BE-BDFF-167D46632792}.Debug|x86.ActiveCfg = Debug|Any CPU
		{173475E2-84C2-46BE-BDFF-167D46632792}.Debug|x86.Build.0 = Debug|Any CPU
		{173475E2-84C2-46BE-BDFF-167D46632792}.Release|Any CPU.ActiveCfg = Release|Any CPU
		{173475E2-84C2-46BE-BDFF-167D46632792}.Release|Any CPU.Build.0 = Release|Any CPU
		{173475E2-84C2-46BE-BDFF-167D46632792}.Release|x64.ActiveCfg = Release|Any CPU
		{173475E2-84C2-46BE-BDFF-167D46632792}.Release|x86.ActiveCfg = Release|Any CPU
		{173475E2-84C2-46BE-BDFF-167D46632792}.Release|x86.Build.0 = Release|Any CPU
		{4DEEFE86-5A2B-43AF-BFC4-79AD4D0CC6F2}.Debug|Any CPU.ActiveCfg = Debug|Any CPU
		{4DEEFE86-5A2B-43AF-BFC4-79AD4D0CC6F2}.Debug|Any CPU.Build.0 = Debug|Any CPU
		{4DEEFE86-5A2B-43AF-BFC4-79AD4D0CC6F2}.Debug|x64.ActiveCfg = Debug|Any CPU
		{4DEEFE86-5A2B-43AF-BFC4-79AD4D0CC6F2}.Debug|x86.ActiveCfg = Debug|Any CPU
		{4DEEFE86-5A2B-43AF-BFC4-79AD4D0CC6F2}.Debug|x86.Build.0 = Debug|Any CPU
		{4DEEFE86-5A2B-43AF-BFC4-79AD4D0CC6F2}.Release|Any CPU.ActiveCfg = Release|Any CPU
		{4DEEFE86-5A2B-43AF-BFC4-79AD4D0CC6F2}.Release|Any CPU.Build.0 = Release|Any CPU
		{4DEEFE86-5A2B-43AF-BFC4-79AD4D0CC6F2}.Release|x64.ActiveCfg = Release|Any CPU
		{4DEEFE86-5A2B-43AF-BFC4-79AD4D0CC6F2}.Release|x86.ActiveCfg = Release|Any CPU
		{4DEEFE86-5A2B-43AF-BFC4-79AD4D0CC6F2}.Release|x86.Build.0 = Release|Any CPU
		{D2BC4C2B-591E-4489-9515-0075112F73B0}.Debug|Any CPU.ActiveCfg = Debug|Any CPU
		{D2BC4C2B-591E-4489-9515-0075112F73B0}.Debug|Any CPU.Build.0 = Debug|Any CPU
		{D2BC4C2B-591E-4489-9515-0075112F73B0}.Debug|x64.ActiveCfg = Debug|Any CPU
		{D2BC4C2B-591E-4489-9515-0075112F73B0}.Debug|x86.ActiveCfg = Debug|Any CPU
		{D2BC4C2B-591E-4489-9515-0075112F73B0}.Debug|x86.Build.0 = Debug|Any CPU
		{D2BC4C2B-591E-4489-9515-0075112F73B0}.Release|Any CPU.ActiveCfg = Release|Any CPU
		{D2BC4C2B-591E-4489-9515-0075112F73B0}.Release|Any CPU.Build.0 = Release|Any CPU
		{D2BC4C2B-591E-4489-9515-0075112F73B0}.Release|x64.ActiveCfg = Release|Any CPU
		{D2BC4C2B-591E-4489-9515-0075112F73B0}.Release|x86.ActiveCfg = Release|Any CPU
		{D2BC4C2B-591E-4489-9515-0075112F73B0}.Release|x86.Build.0 = Release|Any CPU
		{3733A805-9DD7-4E8C-B72A-8A419E94A7B8}.Debug|Any CPU.ActiveCfg = Debug|Any CPU
		{3733A805-9DD7-4E8C-B72A-8A419E94A7B8}.Debug|Any CPU.Build.0 = Debug|Any CPU
		{3733A805-9DD7-4E8C-B72A-8A419E94A7B8}.Debug|x64.ActiveCfg = Debug|Any CPU
		{3733A805-9DD7-4E8C-B72A-8A419E94A7B8}.Debug|x86.ActiveCfg = Debug|Any CPU
		{3733A805-9DD7-4E8C-B72A-8A419E94A7B8}.Debug|x86.Build.0 = Debug|Any CPU
		{3733A805-9DD7-4E8C-B72A-8A419E94A7B8}.Release|Any CPU.ActiveCfg = Release|Any CPU
		{3733A805-9DD7-4E8C-B72A-8A419E94A7B8}.Release|Any CPU.Build.0 = Release|Any CPU
		{3733A805-9DD7-4E8C-B72A-8A419E94A7B8}.Release|x64.ActiveCfg = Release|Any CPU
		{3733A805-9DD7-4E8C-B72A-8A419E94A7B8}.Release|x86.ActiveCfg = Release|Any CPU
		{3733A805-9DD7-4E8C-B72A-8A419E94A7B8}.Release|x86.Build.0 = Release|Any CPU
		{43D34A7E-974A-4278-B75F-3DE88EB6DD49}.Debug|Any CPU.ActiveCfg = Debug|Any CPU
		{43D34A7E-974A-4278-B75F-3DE88EB6DD49}.Debug|Any CPU.Build.0 = Debug|Any CPU
		{43D34A7E-974A-4278-B75F-3DE88EB6DD49}.Debug|x64.ActiveCfg = Debug|x86
		{43D34A7E-974A-4278-B75F-3DE88EB6DD49}.Debug|x86.ActiveCfg = Debug|x86
		{43D34A7E-974A-4278-B75F-3DE88EB6DD49}.Debug|x86.Build.0 = Debug|x86
		{43D34A7E-974A-4278-B75F-3DE88EB6DD49}.Release|Any CPU.ActiveCfg = Release|Any CPU
		{43D34A7E-974A-4278-B75F-3DE88EB6DD49}.Release|Any CPU.Build.0 = Release|Any CPU
		{43D34A7E-974A-4278-B75F-3DE88EB6DD49}.Release|x64.ActiveCfg = Release|x86
		{43D34A7E-974A-4278-B75F-3DE88EB6DD49}.Release|x86.ActiveCfg = Release|x86
		{43D34A7E-974A-4278-B75F-3DE88EB6DD49}.Release|x86.Build.0 = Release|x86
		{E8A0701F-4B7B-4158-9C18-10FB5ED9DCB2}.Debug|Any CPU.ActiveCfg = Debug|Any CPU
		{E8A0701F-4B7B-4158-9C18-10FB5ED9DCB2}.Debug|Any CPU.Build.0 = Debug|Any CPU
		{E8A0701F-4B7B-4158-9C18-10FB5ED9DCB2}.Debug|x64.ActiveCfg = Debug|Any CPU
		{E8A0701F-4B7B-4158-9C18-10FB5ED9DCB2}.Debug|x86.ActiveCfg = Debug|Any CPU
		{E8A0701F-4B7B-4158-9C18-10FB5ED9DCB2}.Debug|x86.Build.0 = Debug|Any CPU
		{E8A0701F-4B7B-4158-9C18-10FB5ED9DCB2}.Release|Any CPU.ActiveCfg = Release|Any CPU
		{E8A0701F-4B7B-4158-9C18-10FB5ED9DCB2}.Release|Any CPU.Build.0 = Release|Any CPU
		{E8A0701F-4B7B-4158-9C18-10FB5ED9DCB2}.Release|x64.ActiveCfg = Release|Any CPU
		{E8A0701F-4B7B-4158-9C18-10FB5ED9DCB2}.Release|x86.ActiveCfg = Release|Any CPU
		{E8A0701F-4B7B-4158-9C18-10FB5ED9DCB2}.Release|x86.Build.0 = Release|Any CPU
		{9410C848-A627-470A-B373-9C7F038A7765}.Debug|Any CPU.ActiveCfg = Debug|Any CPU
		{9410C848-A627-470A-B373-9C7F038A7765}.Debug|Any CPU.Build.0 = Debug|Any CPU
		{9410C848-A627-470A-B373-9C7F038A7765}.Debug|x64.ActiveCfg = Debug|Any CPU
		{9410C848-A627-470A-B373-9C7F038A7765}.Debug|x86.ActiveCfg = Debug|Any CPU
		{9410C848-A627-470A-B373-9C7F038A7765}.Debug|x86.Build.0 = Debug|Any CPU
		{9410C848-A627-470A-B373-9C7F038A7765}.Release|Any CPU.ActiveCfg = Release|Any CPU
		{9410C848-A627-470A-B373-9C7F038A7765}.Release|Any CPU.Build.0 = Release|Any CPU
		{9410C848-A627-470A-B373-9C7F038A7765}.Release|x64.ActiveCfg = Release|Any CPU
		{9410C848-A627-470A-B373-9C7F038A7765}.Release|x86.ActiveCfg = Release|Any CPU
		{9410C848-A627-470A-B373-9C7F038A7765}.Release|x86.Build.0 = Release|Any CPU
		{0B539F23-B7BD-4080-BFC2-FC3ABAC6DA5D}.Debug|Any CPU.ActiveCfg = Debug|Any CPU
		{0B539F23-B7BD-4080-BFC2-FC3ABAC6DA5D}.Debug|Any CPU.Build.0 = Debug|Any CPU
		{0B539F23-B7BD-4080-BFC2-FC3ABAC6DA5D}.Debug|x64.ActiveCfg = Debug|Any CPU
		{0B539F23-B7BD-4080-BFC2-FC3ABAC6DA5D}.Debug|x86.ActiveCfg = Debug|Any CPU
		{0B539F23-B7BD-4080-BFC2-FC3ABAC6DA5D}.Debug|x86.Build.0 = Debug|Any CPU
		{0B539F23-B7BD-4080-BFC2-FC3ABAC6DA5D}.Release|Any CPU.ActiveCfg = Release|Any CPU
		{0B539F23-B7BD-4080-BFC2-FC3ABAC6DA5D}.Release|Any CPU.Build.0 = Release|Any CPU
		{0B539F23-B7BD-4080-BFC2-FC3ABAC6DA5D}.Release|x64.ActiveCfg = Release|Any CPU
		{0B539F23-B7BD-4080-BFC2-FC3ABAC6DA5D}.Release|x86.ActiveCfg = Release|Any CPU
		{0B539F23-B7BD-4080-BFC2-FC3ABAC6DA5D}.Release|x86.Build.0 = Release|Any CPU
		{2694A934-1676-451F-B44F-0C0CE51AB065}.Debug|Any CPU.ActiveCfg = Debug|Any CPU
		{2694A934-1676-451F-B44F-0C0CE51AB065}.Debug|Any CPU.Build.0 = Debug|Any CPU
		{2694A934-1676-451F-B44F-0C0CE51AB065}.Debug|x64.ActiveCfg = Debug|x86
		{2694A934-1676-451F-B44F-0C0CE51AB065}.Debug|x86.ActiveCfg = Debug|x86
		{2694A934-1676-451F-B44F-0C0CE51AB065}.Debug|x86.Build.0 = Debug|x86
		{2694A934-1676-451F-B44F-0C0CE51AB065}.Release|Any CPU.ActiveCfg = Release|Any CPU
		{2694A934-1676-451F-B44F-0C0CE51AB065}.Release|Any CPU.Build.0 = Release|Any CPU
		{2694A934-1676-451F-B44F-0C0CE51AB065}.Release|x64.ActiveCfg = Release|x86
		{2694A934-1676-451F-B44F-0C0CE51AB065}.Release|x86.ActiveCfg = Release|x86
		{2694A934-1676-451F-B44F-0C0CE51AB065}.Release|x86.Build.0 = Release|x86
		{22E7C05C-F089-46F2-94C7-34977EBCCECD}.Debug|Any CPU.ActiveCfg = Debug|Any CPU
		{22E7C05C-F089-46F2-94C7-34977EBCCECD}.Debug|Any CPU.Build.0 = Debug|Any CPU
		{22E7C05C-F089-46F2-94C7-34977EBCCECD}.Debug|x64.ActiveCfg = Debug|x86
		{22E7C05C-F089-46F2-94C7-34977EBCCECD}.Debug|x86.ActiveCfg = Debug|x86
		{22E7C05C-F089-46F2-94C7-34977EBCCECD}.Debug|x86.Build.0 = Debug|x86
		{22E7C05C-F089-46F2-94C7-34977EBCCECD}.Release|Any CPU.ActiveCfg = Release|Any CPU
		{22E7C05C-F089-46F2-94C7-34977EBCCECD}.Release|Any CPU.Build.0 = Release|Any CPU
		{22E7C05C-F089-46F2-94C7-34977EBCCECD}.Release|x64.ActiveCfg = Release|x86
		{22E7C05C-F089-46F2-94C7-34977EBCCECD}.Release|x86.ActiveCfg = Release|x86
		{22E7C05C-F089-46F2-94C7-34977EBCCECD}.Release|x86.Build.0 = Release|x86
		{A80735FC-92A4-4390-A524-FE90F5A9D1A4}.Debug|Any CPU.ActiveCfg = Debug|Any CPU
		{A80735FC-92A4-4390-A524-FE90F5A9D1A4}.Debug|Any CPU.Build.0 = Debug|Any CPU
		{A80735FC-92A4-4390-A524-FE90F5A9D1A4}.Debug|x64.ActiveCfg = Debug|Any CPU
		{A80735FC-92A4-4390-A524-FE90F5A9D1A4}.Debug|x86.ActiveCfg = Debug|Any CPU
		{A80735FC-92A4-4390-A524-FE90F5A9D1A4}.Debug|x86.Build.0 = Debug|Any CPU
		{A80735FC-92A4-4390-A524-FE90F5A9D1A4}.Release|Any CPU.ActiveCfg = Release|Any CPU
		{A80735FC-92A4-4390-A524-FE90F5A9D1A4}.Release|Any CPU.Build.0 = Release|Any CPU
		{A80735FC-92A4-4390-A524-FE90F5A9D1A4}.Release|x64.ActiveCfg = Release|Any CPU
		{A80735FC-92A4-4390-A524-FE90F5A9D1A4}.Release|x86.ActiveCfg = Release|Any CPU
		{A80735FC-92A4-4390-A524-FE90F5A9D1A4}.Release|x86.Build.0 = Release|Any CPU
		{269EB12F-09F3-4EF6-AEFC-6635846DF02F}.Debug|Any CPU.ActiveCfg = Debug|Any CPU
		{269EB12F-09F3-4EF6-AEFC-6635846DF02F}.Debug|Any CPU.Build.0 = Debug|Any CPU
		{269EB12F-09F3-4EF6-AEFC-6635846DF02F}.Debug|x64.ActiveCfg = Debug|x64
		{269EB12F-09F3-4EF6-AEFC-6635846DF02F}.Debug|x64.Build.0 = Debug|x64
		{269EB12F-09F3-4EF6-AEFC-6635846DF02F}.Debug|x86.ActiveCfg = Debug|Any CPU
		{269EB12F-09F3-4EF6-AEFC-6635846DF02F}.Debug|x86.Build.0 = Debug|Any CPU
		{269EB12F-09F3-4EF6-AEFC-6635846DF02F}.Release|Any CPU.ActiveCfg = Release|Any CPU
		{269EB12F-09F3-4EF6-AEFC-6635846DF02F}.Release|Any CPU.Build.0 = Release|Any CPU
		{269EB12F-09F3-4EF6-AEFC-6635846DF02F}.Release|x64.ActiveCfg = Release|x64
		{269EB12F-09F3-4EF6-AEFC-6635846DF02F}.Release|x64.Build.0 = Release|x64
		{269EB12F-09F3-4EF6-AEFC-6635846DF02F}.Release|x86.ActiveCfg = Release|Any CPU
		{269EB12F-09F3-4EF6-AEFC-6635846DF02F}.Release|x86.Build.0 = Release|Any CPU
		{461DD23C-AA0B-44BE-BB7B-1E949F24CD57}.Debug|Any CPU.ActiveCfg = Debug|Any CPU
		{461DD23C-AA0B-44BE-BB7B-1E949F24CD57}.Debug|Any CPU.Build.0 = Debug|Any CPU
		{461DD23C-AA0B-44BE-BB7B-1E949F24CD57}.Debug|x64.ActiveCfg = Debug|Any CPU
		{461DD23C-AA0B-44BE-BB7B-1E949F24CD57}.Debug|x64.Build.0 = Debug|Any CPU
		{461DD23C-AA0B-44BE-BB7B-1E949F24CD57}.Debug|x86.ActiveCfg = Debug|Any CPU
		{461DD23C-AA0B-44BE-BB7B-1E949F24CD57}.Debug|x86.Build.0 = Debug|Any CPU
		{461DD23C-AA0B-44BE-BB7B-1E949F24CD57}.Release|Any CPU.ActiveCfg = Release|Any CPU
		{461DD23C-AA0B-44BE-BB7B-1E949F24CD57}.Release|Any CPU.Build.0 = Release|Any CPU
		{461DD23C-AA0B-44BE-BB7B-1E949F24CD57}.Release|x64.ActiveCfg = Release|Any CPU
		{461DD23C-AA0B-44BE-BB7B-1E949F24CD57}.Release|x64.Build.0 = Release|Any CPU
		{461DD23C-AA0B-44BE-BB7B-1E949F24CD57}.Release|x86.ActiveCfg = Release|Any CPU
		{461DD23C-AA0B-44BE-BB7B-1E949F24CD57}.Release|x86.Build.0 = Release|Any CPU
		{A45462D4-C670-4FC6-B59B-7E1B37007A12}.Debug|Any CPU.ActiveCfg = Debug|Any CPU
		{A45462D4-C670-4FC6-B59B-7E1B37007A12}.Debug|Any CPU.Build.0 = Debug|Any CPU
		{A45462D4-C670-4FC6-B59B-7E1B37007A12}.Debug|x64.ActiveCfg = Debug|x64
		{A45462D4-C670-4FC6-B59B-7E1B37007A12}.Debug|x64.Build.0 = Debug|x64
		{A45462D4-C670-4FC6-B59B-7E1B37007A12}.Debug|x86.ActiveCfg = Debug|Any CPU
		{A45462D4-C670-4FC6-B59B-7E1B37007A12}.Debug|x86.Build.0 = Debug|Any CPU
		{A45462D4-C670-4FC6-B59B-7E1B37007A12}.Release|Any CPU.ActiveCfg = Release|Any CPU
		{A45462D4-C670-4FC6-B59B-7E1B37007A12}.Release|Any CPU.Build.0 = Release|Any CPU
		{A45462D4-C670-4FC6-B59B-7E1B37007A12}.Release|x64.ActiveCfg = Release|x64
		{A45462D4-C670-4FC6-B59B-7E1B37007A12}.Release|x64.Build.0 = Release|x64
		{A45462D4-C670-4FC6-B59B-7E1B37007A12}.Release|x86.ActiveCfg = Release|Any CPU
		{A45462D4-C670-4FC6-B59B-7E1B37007A12}.Release|x86.Build.0 = Release|Any CPU
		{1B20E4D0-2ACD-4065-8CE9-F4949C54DBBA}.Debug|Any CPU.ActiveCfg = Debug|Any CPU
		{1B20E4D0-2ACD-4065-8CE9-F4949C54DBBA}.Debug|Any CPU.Build.0 = Debug|Any CPU
		{1B20E4D0-2ACD-4065-8CE9-F4949C54DBBA}.Debug|x64.ActiveCfg = Debug|Any CPU
		{1B20E4D0-2ACD-4065-8CE9-F4949C54DBBA}.Debug|x64.Build.0 = Debug|Any CPU
		{1B20E4D0-2ACD-4065-8CE9-F4949C54DBBA}.Debug|x86.ActiveCfg = Debug|Any CPU
		{1B20E4D0-2ACD-4065-8CE9-F4949C54DBBA}.Debug|x86.Build.0 = Debug|Any CPU
		{1B20E4D0-2ACD-4065-8CE9-F4949C54DBBA}.Release|Any CPU.ActiveCfg = Release|Any CPU
		{1B20E4D0-2ACD-4065-8CE9-F4949C54DBBA}.Release|Any CPU.Build.0 = Release|Any CPU
		{1B20E4D0-2ACD-4065-8CE9-F4949C54DBBA}.Release|x64.ActiveCfg = Release|Any CPU
		{1B20E4D0-2ACD-4065-8CE9-F4949C54DBBA}.Release|x64.Build.0 = Release|Any CPU
		{1B20E4D0-2ACD-4065-8CE9-F4949C54DBBA}.Release|x86.ActiveCfg = Release|Any CPU
		{1B20E4D0-2ACD-4065-8CE9-F4949C54DBBA}.Release|x86.Build.0 = Release|Any CPU
		{A8119D61-4901-49FB-B90F-4718A6A7075A}.Debug|Any CPU.ActiveCfg = Debug|Any CPU
		{A8119D61-4901-49FB-B90F-4718A6A7075A}.Debug|Any CPU.Build.0 = Debug|Any CPU
		{A8119D61-4901-49FB-B90F-4718A6A7075A}.Debug|x64.ActiveCfg = Debug|Any CPU
		{A8119D61-4901-49FB-B90F-4718A6A7075A}.Debug|x64.Build.0 = Debug|Any CPU
		{A8119D61-4901-49FB-B90F-4718A6A7075A}.Debug|x86.ActiveCfg = Debug|Any CPU
		{A8119D61-4901-49FB-B90F-4718A6A7075A}.Debug|x86.Build.0 = Debug|Any CPU
		{A8119D61-4901-49FB-B90F-4718A6A7075A}.Release|Any CPU.ActiveCfg = Release|Any CPU
		{A8119D61-4901-49FB-B90F-4718A6A7075A}.Release|Any CPU.Build.0 = Release|Any CPU
		{A8119D61-4901-49FB-B90F-4718A6A7075A}.Release|x64.ActiveCfg = Release|Any CPU
		{A8119D61-4901-49FB-B90F-4718A6A7075A}.Release|x64.Build.0 = Release|Any CPU
		{A8119D61-4901-49FB-B90F-4718A6A7075A}.Release|x86.ActiveCfg = Release|Any CPU
		{A8119D61-4901-49FB-B90F-4718A6A7075A}.Release|x86.Build.0 = Release|Any CPU
		{20B601FA-6B11-4415-B98C-8B1016357C9A}.Debug|Any CPU.ActiveCfg = Debug|Any CPU
		{20B601FA-6B11-4415-B98C-8B1016357C9A}.Debug|Any CPU.Build.0 = Debug|Any CPU
		{20B601FA-6B11-4415-B98C-8B1016357C9A}.Debug|x64.ActiveCfg = Debug|Any CPU
		{20B601FA-6B11-4415-B98C-8B1016357C9A}.Debug|x64.Build.0 = Debug|Any CPU
		{20B601FA-6B11-4415-B98C-8B1016357C9A}.Debug|x86.ActiveCfg = Debug|Any CPU
		{20B601FA-6B11-4415-B98C-8B1016357C9A}.Debug|x86.Build.0 = Debug|Any CPU
		{20B601FA-6B11-4415-B98C-8B1016357C9A}.Release|Any CPU.ActiveCfg = Release|Any CPU
		{20B601FA-6B11-4415-B98C-8B1016357C9A}.Release|Any CPU.Build.0 = Release|Any CPU
		{20B601FA-6B11-4415-B98C-8B1016357C9A}.Release|x64.ActiveCfg = Release|Any CPU
		{20B601FA-6B11-4415-B98C-8B1016357C9A}.Release|x64.Build.0 = Release|Any CPU
		{20B601FA-6B11-4415-B98C-8B1016357C9A}.Release|x86.ActiveCfg = Release|Any CPU
		{20B601FA-6B11-4415-B98C-8B1016357C9A}.Release|x86.Build.0 = Release|Any CPU
	EndGlobalSection
	GlobalSection(SolutionProperties) = preSolution
		HideSolutionNode = FALSE
	EndGlobalSection
	GlobalSection(NestedProjects) = preSolution
		{8733A283-3F72-47E4-84EA-7FB541BB06B4} = {69E2D526-70B6-49D9-B079-370A7936A75F}
		{2821A68D-1955-426C-81F5-73951804FA8A} = {2BAFD798-0E98-4DF1-B484-FAC64CF242F1}
		{BF47ACA9-1DC7-4A28-BAE8-378421D198B3} = {2BAFD798-0E98-4DF1-B484-FAC64CF242F1}
		{09138548-68D3-4EC0-9294-36833C0AED19} = {2BAFD798-0E98-4DF1-B484-FAC64CF242F1}
		{173475E2-84C2-46BE-BDFF-167D46632792} = {5A4FDE80-290F-4B2F-AF63-817BD2016054}
		{4DEEFE86-5A2B-43AF-BFC4-79AD4D0CC6F2} = {5A4FDE80-290F-4B2F-AF63-817BD2016054}
		{D2BC4C2B-591E-4489-9515-0075112F73B0} = {CE3092C5-5E56-4587-A8A9-0F3940C48A9D}
		{3733A805-9DD7-4E8C-B72A-8A419E94A7B8} = {CE3092C5-5E56-4587-A8A9-0F3940C48A9D}
		{43D34A7E-974A-4278-B75F-3DE88EB6DD49} = {6DD2E866-BF20-40DD-B7D7-6FFEDCBD8B00}
		{E8A0701F-4B7B-4158-9C18-10FB5ED9DCB2} = {5A4FDE80-290F-4B2F-AF63-817BD2016054}
		{9410C848-A627-470A-B373-9C7F038A7765} = {5A4FDE80-290F-4B2F-AF63-817BD2016054}
		{0B539F23-B7BD-4080-BFC2-FC3ABAC6DA5D} = {2BAFD798-0E98-4DF1-B484-FAC64CF242F1}
		{2694A934-1676-451F-B44F-0C0CE51AB065} = {2BAFD798-0E98-4DF1-B484-FAC64CF242F1}
		{22E7C05C-F089-46F2-94C7-34977EBCCECD} = {2BAFD798-0E98-4DF1-B484-FAC64CF242F1}
		{A80735FC-92A4-4390-A524-FE90F5A9D1A4} = {2BAFD798-0E98-4DF1-B484-FAC64CF242F1}
		{269EB12F-09F3-4EF6-AEFC-6635846DF02F} = {6DD2E866-BF20-40DD-B7D7-6FFEDCBD8B00}
		{461DD23C-AA0B-44BE-BB7B-1E949F24CD57} = {2BAFD798-0E98-4DF1-B484-FAC64CF242F1}
		{A45462D4-C670-4FC6-B59B-7E1B37007A12} = {6DD2E866-BF20-40DD-B7D7-6FFEDCBD8B00}
		{1B20E4D0-2ACD-4065-8CE9-F4949C54DBBA} = {2BAFD798-0E98-4DF1-B484-FAC64CF242F1}
		{A8119D61-4901-49FB-B90F-4718A6A7075A} = {2BAFD798-0E98-4DF1-B484-FAC64CF242F1}
		{20B601FA-6B11-4415-B98C-8B1016357C9A} = {6DD2E866-BF20-40DD-B7D7-6FFEDCBD8B00}
	EndGlobalSection
	GlobalSection(ExtensibilityGlobals) = postSolution
		EnterpriseLibraryConfigurationToolBinariesPath = packages\Unity.2.1.505.0\lib\NET35;packages\Unity.2.1.505.2\lib\NET35;packages\Unity.Interception.2.1.505.2\lib\NET35;packages\EnterpriseLibrary.Common.5.0.505.0\lib\NET35;packages\EnterpriseLibrary.Caching.5.0.505.0\lib\NET35
		SolutionGuid = {2A0B95E8-0310-4769-905C-8A8FF85D70E8}
	EndGlobalSection
EndGlobal
