
Microsoft Visual Studio Solution File, Format Version 12.00
# Visual Studio 14
VisualStudioVersion = 14.0.25420.1
MinimumVisualStudioVersion = 10.0.40219.1
Project("{FAE04EC0-301F-11D3-BF4B-00C04F79EFBC}") = "Core", "FbsLoader\Core\Core.csproj", "{96FC507C-1043-4BFA-AFBA-92BA66ECBF07}"
EndProject
Project("{FAE04EC0-301F-11D3-BF4B-00C04F79EFBC}") = "FBSLoaderConsole", "FbsLoader\FBSLoaderConsole\FBSLoaderConsole.csproj", "{55182311-8832-464C-8F7A-4CE2AF3B2B31}"
EndProject
Global
	GlobalSection(SolutionConfigurationPlatforms) = preSolution
		Debug|Any CPU = Debug|Any CPU
		Release|Any CPU = Release|Any CPU
	EndGlobalSection
	GlobalSection(ProjectConfigurationPlatforms) = postSolution
		{96FC507C-1043-4BFA-AFBA-92BA66ECBF07}.Debug|Any CPU.ActiveCfg = Debug|Any CPU
		{96FC507C-1043-4BFA-AFBA-92BA66ECBF07}.Debug|Any CPU.Build.0 = Debug|Any CPU
		{96FC507C-1043-4BFA-AFBA-92BA66ECBF07}.Release|Any CPU.ActiveCfg = Release|Any CPU
		{96FC507C-1043-4BFA-AFBA-92BA66ECBF07}.Release|Any CPU.Build.0 = Release|Any CPU
		{55182311-8832-464C-8F7A-4CE2AF3B2B31}.Debug|Any CPU.ActiveCfg = Debug|Any CPU
		{55182311-8832-464C-8F7A-4CE2AF3B2B31}.Debug|Any CPU.Build.0 = Debug|Any CPU
		{55182311-8832-464C-8F7A-4CE2AF3B2B31}.Release|Any CPU.ActiveCfg = Release|Any CPU
		{55182311-8832-464C-8F7A-4CE2AF3B2B31}.Release|Any CPU.Build.0 = Release|Any CPU
	EndGlobalSection
	GlobalSection(SolutionProperties) = preSolution
		HideSolutionNode = FALSE
	EndGlobalSection
EndGlobal
