
Microsoft Visual Studio Solution File, Format Version 12.00
# Visual Studio 14
VisualStudioVersion = 14.0.25420.1
MinimumVisualStudioVersion = 10.0.40219.1
Project("{FAE04EC0-301F-11D3-BF4B-00C04F79EFBC}") = "FBS.Replicator", "FBS.Replicator\FBS.Replicator.csproj", "{70CFD496-3625-4FC3-86B2-87A0CAD8EB3C}"
EndProject
Project("{2150E333-8FDC-42A3-9474-1A3956D46DE8}") = "Solution Items", "Solution Items", "{A5FB31A1-3E88-4AB2-9EBA-81885D22FABB}"
EndProject
Project("{FAE04EC0-301F-11D3-BF4B-00C04F79EFBC}") = "FBS.CompositionsPathGenerator", "FBS.CompositionsPathGenerator\FBS.CompositionsPathGenerator.csproj", "{5050083F-6636-436C-874D-6D0EE7D50601}"
EndProject
Project("{FAE04EC0-301F-11D3-BF4B-00C04F79EFBC}") = "FBS.Common", "FBS.Common\FBS.Common.csproj", "{67ED45D2-CC8B-40EC-9241-3B44C61F8D68}"
EndProject
Project("{FAE04EC0-301F-11D3-BF4B-00C04F79EFBC}") = "FBS.ComposisionFix", "FBS.ComposisionFix\FBS.ComposisionFix.csproj", "{EFE91B47-A248-4A82-BCF1-70DB97A6D575}"
EndProject
Global
	GlobalSection(SolutionConfigurationPlatforms) = preSolution
		Debug|Any CPU = Debug|Any CPU
		Debug|Mixed Platforms = Debug|Mixed Platforms
		Debug|x64 = Debug|x64
		Debug|x86 = Debug|x86
		Release|Any CPU = Release|Any CPU
		Release|Mixed Platforms = Release|Mixed Platforms
		Release|x64 = Release|x64
		Release|x86 = Release|x86
	EndGlobalSection
	GlobalSection(ProjectConfigurationPlatforms) = postSolution
		{70CFD496-3625-4FC3-86B2-87A0CAD8EB3C}.Debug|Any CPU.ActiveCfg = Debug|x86
		{70CFD496-3625-4FC3-86B2-87A0CAD8EB3C}.Debug|Mixed Platforms.ActiveCfg = Debug|x64
		{70CFD496-3625-4FC3-86B2-87A0CAD8EB3C}.Debug|Mixed Platforms.Build.0 = Debug|x64
		{70CFD496-3625-4FC3-86B2-87A0CAD8EB3C}.Debug|x64.ActiveCfg = Debug|x64
		{70CFD496-3625-4FC3-86B2-87A0CAD8EB3C}.Debug|x86.ActiveCfg = Debug|x86
		{70CFD496-3625-4FC3-86B2-87A0CAD8EB3C}.Debug|x86.Build.0 = Debug|x86
		{70CFD496-3625-4FC3-86B2-87A0CAD8EB3C}.Release|Any CPU.ActiveCfg = Release|x86
		{70CFD496-3625-4FC3-86B2-87A0CAD8EB3C}.Release|Mixed Platforms.ActiveCfg = Release|x64
		{70CFD496-3625-4FC3-86B2-87A0CAD8EB3C}.Release|Mixed Platforms.Build.0 = Release|x64
		{70CFD496-3625-4FC3-86B2-87A0CAD8EB3C}.Release|x64.ActiveCfg = Release|x64
		{70CFD496-3625-4FC3-86B2-87A0CAD8EB3C}.Release|x64.Build.0 = Release|x64
		{70CFD496-3625-4FC3-86B2-87A0CAD8EB3C}.Release|x86.ActiveCfg = Release|x86
		{70CFD496-3625-4FC3-86B2-87A0CAD8EB3C}.Release|x86.Build.0 = Release|x86
		{5050083F-6636-436C-874D-6D0EE7D50601}.Debug|Any CPU.ActiveCfg = Debug|x86
		{5050083F-6636-436C-874D-6D0EE7D50601}.Debug|Mixed Platforms.ActiveCfg = Debug|x64
		{5050083F-6636-436C-874D-6D0EE7D50601}.Debug|Mixed Platforms.Build.0 = Debug|x64
		{5050083F-6636-436C-874D-6D0EE7D50601}.Debug|x64.ActiveCfg = Debug|x64
		{5050083F-6636-436C-874D-6D0EE7D50601}.Debug|x86.ActiveCfg = Debug|x86
		{5050083F-6636-436C-874D-6D0EE7D50601}.Debug|x86.Build.0 = Debug|x86
		{5050083F-6636-436C-874D-6D0EE7D50601}.Release|Any CPU.ActiveCfg = Release|x86
		{5050083F-6636-436C-874D-6D0EE7D50601}.Release|Mixed Platforms.ActiveCfg = Release|x64
		{5050083F-6636-436C-874D-6D0EE7D50601}.Release|Mixed Platforms.Build.0 = Release|x64
		{5050083F-6636-436C-874D-6D0EE7D50601}.Release|x64.ActiveCfg = Release|x64
		{5050083F-6636-436C-874D-6D0EE7D50601}.Release|x64.Build.0 = Release|x64
		{5050083F-6636-436C-874D-6D0EE7D50601}.Release|x86.ActiveCfg = Release|x86
		{5050083F-6636-436C-874D-6D0EE7D50601}.Release|x86.Build.0 = Release|x86
		{67ED45D2-CC8B-40EC-9241-3B44C61F8D68}.Debug|Any CPU.ActiveCfg = Debug|Any CPU
		{67ED45D2-CC8B-40EC-9241-3B44C61F8D68}.Debug|Any CPU.Build.0 = Debug|Any CPU
		{67ED45D2-CC8B-40EC-9241-3B44C61F8D68}.Debug|Mixed Platforms.ActiveCfg = Debug|x64
		{67ED45D2-CC8B-40EC-9241-3B44C61F8D68}.Debug|Mixed Platforms.Build.0 = Debug|x64
		{67ED45D2-CC8B-40EC-9241-3B44C61F8D68}.Debug|x64.ActiveCfg = Debug|x64
		{67ED45D2-CC8B-40EC-9241-3B44C61F8D68}.Debug|x64.Build.0 = Debug|x64
		{67ED45D2-CC8B-40EC-9241-3B44C61F8D68}.Debug|x86.ActiveCfg = Debug|Any CPU
		{67ED45D2-CC8B-40EC-9241-3B44C61F8D68}.Release|Any CPU.ActiveCfg = Release|Any CPU
		{67ED45D2-CC8B-40EC-9241-3B44C61F8D68}.Release|Any CPU.Build.0 = Release|Any CPU
		{67ED45D2-CC8B-40EC-9241-3B44C61F8D68}.Release|Mixed Platforms.ActiveCfg = Release|x64
		{67ED45D2-CC8B-40EC-9241-3B44C61F8D68}.Release|Mixed Platforms.Build.0 = Release|x64
		{67ED45D2-CC8B-40EC-9241-3B44C61F8D68}.Release|x64.ActiveCfg = Release|x64
		{67ED45D2-CC8B-40EC-9241-3B44C61F8D68}.Release|x64.Build.0 = Release|x64
		{67ED45D2-CC8B-40EC-9241-3B44C61F8D68}.Release|x86.ActiveCfg = Release|Any CPU
		{EFE91B47-A248-4A82-BCF1-70DB97A6D575}.Debug|Any CPU.ActiveCfg = Debug|Any CPU
		{EFE91B47-A248-4A82-BCF1-70DB97A6D575}.Debug|Any CPU.Build.0 = Debug|Any CPU
		{EFE91B47-A248-4A82-BCF1-70DB97A6D575}.Debug|Mixed Platforms.ActiveCfg = Debug|Any CPU
		{EFE91B47-A248-4A82-BCF1-70DB97A6D575}.Debug|Mixed Platforms.Build.0 = Debug|Any CPU
		{EFE91B47-A248-4A82-BCF1-70DB97A6D575}.Debug|x64.ActiveCfg = Debug|Any CPU
		{EFE91B47-A248-4A82-BCF1-70DB97A6D575}.Debug|x64.Build.0 = Debug|Any CPU
		{EFE91B47-A248-4A82-BCF1-70DB97A6D575}.Debug|x86.ActiveCfg = Debug|Any CPU
		{EFE91B47-A248-4A82-BCF1-70DB97A6D575}.Debug|x86.Build.0 = Debug|Any CPU
		{EFE91B47-A248-4A82-BCF1-70DB97A6D575}.Release|Any CPU.ActiveCfg = Release|Any CPU
		{EFE91B47-A248-4A82-BCF1-70DB97A6D575}.Release|Any CPU.Build.0 = Release|Any CPU
		{EFE91B47-A248-4A82-BCF1-70DB97A6D575}.Release|Mixed Platforms.ActiveCfg = Release|Any CPU
		{EFE91B47-A248-4A82-BCF1-70DB97A6D575}.Release|Mixed Platforms.Build.0 = Release|Any CPU
		{EFE91B47-A248-4A82-BCF1-70DB97A6D575}.Release|x64.ActiveCfg = Release|Any CPU
		{EFE91B47-A248-4A82-BCF1-70DB97A6D575}.Release|x64.Build.0 = Release|Any CPU
		{EFE91B47-A248-4A82-BCF1-70DB97A6D575}.Release|x86.ActiveCfg = Release|Any CPU
		{EFE91B47-A248-4A82-BCF1-70DB97A6D575}.Release|x86.Build.0 = Release|Any CPU
	EndGlobalSection
	GlobalSection(SolutionProperties) = preSolution
		HideSolutionNode = FALSE
	EndGlobalSection
EndGlobal
