
Microsoft Visual Studio Solution File, Format Version 12.00
# Visual Studio 15
VisualStudioVersion = 15.0.27130.2010
MinimumVisualStudioVersion = 10.0.40219.1
Project("{FAE04EC0-301F-11D3-BF4B-00C04F79EFBC}") = "TestPostSender", "TestPostSender\TestPostSender.csproj", "{C0B65CA9-1A7D-45CB-9A08-EA3CD0A2AC36}"
EndProject
Global
	GlobalSection(SolutionConfigurationPlatforms) = preSolution
		Debug|Any CPU = Debug|Any CPU
		Release|Any CPU = Release|Any CPU
	EndGlobalSection
	GlobalSection(ProjectConfigurationPlatforms) = postSolution
		{C0B65CA9-1A7D-45CB-9A08-EA3CD0A2AC36}.Debug|Any CPU.ActiveCfg = Debug|Any CPU
		{C0B65CA9-1A7D-45CB-9A08-EA3CD0A2AC36}.Debug|Any CPU.Build.0 = Debug|Any CPU
		{C0B65CA9-1A7D-45CB-9A08-EA3CD0A2AC36}.Release|Any CPU.ActiveCfg = Release|Any CPU
		{C0B65CA9-1A7D-45CB-9A08-EA3CD0A2AC36}.Release|Any CPU.Build.0 = Release|Any CPU
	EndGlobalSection
	GlobalSection(SolutionProperties) = preSolution
		HideSolutionNode = FALSE
	EndGlobalSection
	GlobalSection(ExtensibilityGlobals) = postSolution
		SolutionGuid = {D135A387-59EE-4612-87CD-E21EC1C3E080}
	EndGlobalSection
EndGlobal
