Microsoft Visual Studio Solution File, Format Version 11.00
# Visual Studio 2010
Project("{FAE04EC0-301F-11D3-BF4B-00C04F79EFBC}") = "Esrp.Web.UI", "Esrp.Web.UI\Esrp.Web.UI.csproj", "{5A46FCC2-EE4B-4913-92A8-94EFBD480CF9}"
EndProject
Project("{FAE04EC0-301F-11D3-BF4B-00C04F79EFBC}") = "Esrp.Core", "Esrp.Core\Esrp.Core.csproj", "{A88961B0-C7CA-4875-B0BF-75A159495610}"
EndProject
Project("{FAE04EC0-301F-11D3-BF4B-00C04F79EFBC}") = "Esrp.Utility", "Esrp.Utility\Esrp.Utility.csproj", "{B72D1735-BB10-42C1-AF35-3F5A12DF9607}"
EndProject
Project("{FAE04EC0-301F-11D3-BF4B-00C04F79EFBC}") = "Esrp.UploadModule", "Esrp.UploadModule\Esrp.UploadModule.csproj", "{EF31C436-11B3-4C69-8663-2841C3CD667E}"
EndProject
Project("{FAE04EC0-301F-11D3-BF4B-00C04F79EFBC}") = "Esrp.Services", "Esrp.Services\Esrp.Services.csproj", "{55137212-7AC0-412F-A105-0540124A8383}"
EndProject
Project("{FAE04EC0-301F-11D3-BF4B-00C04F79EFBC}") = "Esrp.Web.ViewModel", "Esrp.Web.ViewModel\Esrp.Web.ViewModel.csproj", "{14B3B04D-D94D-43E4-8ED8-6C54B66B90CE}"
EndProject
Project("{FAE04EC0-301F-11D3-BF4B-00C04F79EFBC}") = "ReplicationService", "ReplicationService\ReplicationService.csproj", "{513DC097-A4CA-4AD9-8E57-14BBA5037271}"
EndProject
Project("{FAE04EC0-301F-11D3-BF4B-00C04F79EFBC}") = "Esrp.EIISIntegration", "Esrp.EIISIntegration\Esrp.EIISIntegration.csproj", "{0D69885E-C53A-4AE9-B561-5688EB6814C8}"
EndProject
Project("{FAE04EC0-301F-11D3-BF4B-00C04F79EFBC}") = "Esrp.DB", "Esrp.DB\Esrp.DB.csproj", "{46902306-A482-47DE-98B7-A1BB7723CEC1}"
EndProject
Project("{FAE04EC0-301F-11D3-BF4B-00C04F79EFBC}") = "Esrp.EIISIntegration.Console", "Esrp.EIISIntegration.Console\Esrp.EIISIntegration.Console.csproj", "{D5309D9F-A87A-489C-86FC-A04D3BB34414}"
EndProject
Project("{FAE04EC0-301F-11D3-BF4B-00C04F79EFBC}") = "Esrp.SelfIntegration", "Esrp.SelfIntegration\Esrp.SelfIntegration.csproj", "{CC9163E5-2181-4392-A57B-EC124040F8A6}"
EndProject
Project("{FAE04EC0-301F-11D3-BF4B-00C04F79EFBC}") = "Esrp.SelfIntegration.Console", "Esrp.SelfIntegration.Console\Esrp.SelfIntegration.Console.csproj", "{14B6E5FE-1F82-44C0-977E-33720EF93C81}"
EndProject
Project("{FAE04EC0-301F-11D3-BF4B-00C04F79EFBC}") = "Esrp.Integration.Common", "Esrp.Integration.Common\Esrp.Integration.Common.csproj", "{BF3AFCBE-58C9-4AFF-B564-83171CB1B988}"
EndProject
Global
	GlobalSection(SubversionScc) = preSolution
		Svn-Managed = True
		Manager = AnkhSVN - Subversion Support for Visual Studio
	EndGlobalSection
	GlobalSection(TestCaseManagementSettings) = postSolution
		CategoryFile = Esrp.Web.UI.vsmdi
	EndGlobalSection
	GlobalSection(SolutionConfigurationPlatforms) = preSolution
		Debug_2|.NET = Debug_2|.NET
		Debug_2|Any CPU = Debug_2|Any CPU
		Debug_2|Mixed Platforms = Debug_2|Mixed Platforms
		Debug_2|x86 = Debug_2|x86
		Debug|.NET = Debug|.NET
		Debug|Any CPU = Debug|Any CPU
		Debug|Mixed Platforms = Debug|Mixed Platforms
		Debug|x86 = Debug|x86
		Debug2|.NET = Debug2|.NET
		Debug2|Any CPU = Debug2|Any CPU
		Debug2|Mixed Platforms = Debug2|Mixed Platforms
		Debug2|x86 = Debug2|x86
		Release|.NET = Release|.NET
		Release|Any CPU = Release|Any CPU
		Release|Mixed Platforms = Release|Mixed Platforms
		Release|x86 = Release|x86
	EndGlobalSection
	GlobalSection(ProjectConfigurationPlatforms) = postSolution
		{5A46FCC2-EE4B-4913-92A8-94EFBD480CF9}.Debug_2|.NET.ActiveCfg = Debug|Any CPU
		{5A46FCC2-EE4B-4913-92A8-94EFBD480CF9}.Debug_2|Any CPU.ActiveCfg = Debug|Any CPU
		{5A46FCC2-EE4B-4913-92A8-94EFBD480CF9}.Debug_2|Any CPU.Build.0 = Debug|Any CPU
		{5A46FCC2-EE4B-4913-92A8-94EFBD480CF9}.Debug_2|Mixed Platforms.ActiveCfg = Debug|Any CPU
		{5A46FCC2-EE4B-4913-92A8-94EFBD480CF9}.Debug_2|Mixed Platforms.Build.0 = Debug|Any CPU
		{5A46FCC2-EE4B-4913-92A8-94EFBD480CF9}.Debug_2|x86.ActiveCfg = Debug|Any CPU
		{5A46FCC2-EE4B-4913-92A8-94EFBD480CF9}.Debug|.NET.ActiveCfg = Debug|Any CPU
		{5A46FCC2-EE4B-4913-92A8-94EFBD480CF9}.Debug|Any CPU.ActiveCfg = Debug|Any CPU
		{5A46FCC2-EE4B-4913-92A8-94EFBD480CF9}.Debug|Any CPU.Build.0 = Debug|Any CPU
		{5A46FCC2-EE4B-4913-92A8-94EFBD480CF9}.Debug|Mixed Platforms.ActiveCfg = Debug|Any CPU
		{5A46FCC2-EE4B-4913-92A8-94EFBD480CF9}.Debug|Mixed Platforms.Build.0 = Debug|Any CPU
		{5A46FCC2-EE4B-4913-92A8-94EFBD480CF9}.Debug|x86.ActiveCfg = Debug|Any CPU
		{5A46FCC2-EE4B-4913-92A8-94EFBD480CF9}.Debug2|.NET.ActiveCfg = Debug|Any CPU
		{5A46FCC2-EE4B-4913-92A8-94EFBD480CF9}.Debug2|Any CPU.ActiveCfg = Debug|Any CPU
		{5A46FCC2-EE4B-4913-92A8-94EFBD480CF9}.Debug2|Any CPU.Build.0 = Debug|Any CPU
		{5A46FCC2-EE4B-4913-92A8-94EFBD480CF9}.Debug2|Mixed Platforms.ActiveCfg = Debug|Any CPU
		{5A46FCC2-EE4B-4913-92A8-94EFBD480CF9}.Debug2|Mixed Platforms.Build.0 = Debug|Any CPU
		{5A46FCC2-EE4B-4913-92A8-94EFBD480CF9}.Debug2|x86.ActiveCfg = Debug|Any CPU
		{5A46FCC2-EE4B-4913-92A8-94EFBD480CF9}.Release|.NET.ActiveCfg = Release|Any CPU
		{5A46FCC2-EE4B-4913-92A8-94EFBD480CF9}.Release|Any CPU.ActiveCfg = Release|Any CPU
		{5A46FCC2-EE4B-4913-92A8-94EFBD480CF9}.Release|Any CPU.Build.0 = Release|Any CPU
		{5A46FCC2-EE4B-4913-92A8-94EFBD480CF9}.Release|Mixed Platforms.ActiveCfg = Release|Any CPU
		{5A46FCC2-EE4B-4913-92A8-94EFBD480CF9}.Release|Mixed Platforms.Build.0 = Release|Any CPU
		{5A46FCC2-EE4B-4913-92A8-94EFBD480CF9}.Release|x86.ActiveCfg = Release|Any CPU
		{A88961B0-C7CA-4875-B0BF-75A159495610}.Debug_2|.NET.ActiveCfg = Debug|Any CPU
		{A88961B0-C7CA-4875-B0BF-75A159495610}.Debug_2|Any CPU.ActiveCfg = Debug|Any CPU
		{A88961B0-C7CA-4875-B0BF-75A159495610}.Debug_2|Any CPU.Build.0 = Debug|Any CPU
		{A88961B0-C7CA-4875-B0BF-75A159495610}.Debug_2|Mixed Platforms.ActiveCfg = Debug|Any CPU
		{A88961B0-C7CA-4875-B0BF-75A159495610}.Debug_2|Mixed Platforms.Build.0 = Debug|Any CPU
		{A88961B0-C7CA-4875-B0BF-75A159495610}.Debug_2|x86.ActiveCfg = Debug|Any CPU
		{A88961B0-C7CA-4875-B0BF-75A159495610}.Debug|.NET.ActiveCfg = Debug|Any CPU
		{A88961B0-C7CA-4875-B0BF-75A159495610}.Debug|Any CPU.ActiveCfg = Debug|Any CPU
		{A88961B0-C7CA-4875-B0BF-75A159495610}.Debug|Any CPU.Build.0 = Debug|Any CPU
		{A88961B0-C7CA-4875-B0BF-75A159495610}.Debug|Mixed Platforms.ActiveCfg = Debug|Any CPU
		{A88961B0-C7CA-4875-B0BF-75A159495610}.Debug|Mixed Platforms.Build.0 = Debug|Any CPU
		{A88961B0-C7CA-4875-B0BF-75A159495610}.Debug|x86.ActiveCfg = Debug|Any CPU
		{A88961B0-C7CA-4875-B0BF-75A159495610}.Debug2|.NET.ActiveCfg = Debug|Any CPU
		{A88961B0-C7CA-4875-B0BF-75A159495610}.Debug2|Any CPU.ActiveCfg = Debug|Any CPU
		{A88961B0-C7CA-4875-B0BF-75A159495610}.Debug2|Any CPU.Build.0 = Debug|Any CPU
		{A88961B0-C7CA-4875-B0BF-75A159495610}.Debug2|Mixed Platforms.ActiveCfg = Debug|Any CPU
		{A88961B0-C7CA-4875-B0BF-75A159495610}.Debug2|Mixed Platforms.Build.0 = Debug|Any CPU
		{A88961B0-C7CA-4875-B0BF-75A159495610}.Debug2|x86.ActiveCfg = Debug|Any CPU
		{A88961B0-C7CA-4875-B0BF-75A159495610}.Release|.NET.ActiveCfg = Release|Any CPU
		{A88961B0-C7CA-4875-B0BF-75A159495610}.Release|Any CPU.ActiveCfg = Release|Any CPU
		{A88961B0-C7CA-4875-B0BF-75A159495610}.Release|Any CPU.Build.0 = Release|Any CPU
		{A88961B0-C7CA-4875-B0BF-75A159495610}.Release|Mixed Platforms.ActiveCfg = Release|Any CPU
		{A88961B0-C7CA-4875-B0BF-75A159495610}.Release|Mixed Platforms.Build.0 = Release|Any CPU
		{A88961B0-C7CA-4875-B0BF-75A159495610}.Release|x86.ActiveCfg = Release|Any CPU
		{B72D1735-BB10-42C1-AF35-3F5A12DF9607}.Debug_2|.NET.ActiveCfg = Debug|Any CPU
		{B72D1735-BB10-42C1-AF35-3F5A12DF9607}.Debug_2|Any CPU.ActiveCfg = Debug|Any CPU
		{B72D1735-BB10-42C1-AF35-3F5A12DF9607}.Debug_2|Any CPU.Build.0 = Debug|Any CPU
		{B72D1735-BB10-42C1-AF35-3F5A12DF9607}.Debug_2|Mixed Platforms.ActiveCfg = Debug|Any CPU
		{B72D1735-BB10-42C1-AF35-3F5A12DF9607}.Debug_2|Mixed Platforms.Build.0 = Debug|Any CPU
		{B72D1735-BB10-42C1-AF35-3F5A12DF9607}.Debug_2|x86.ActiveCfg = Debug|Any CPU
		{B72D1735-BB10-42C1-AF35-3F5A12DF9607}.Debug|.NET.ActiveCfg = Debug|Any CPU
		{B72D1735-BB10-42C1-AF35-3F5A12DF9607}.Debug|Any CPU.ActiveCfg = Debug|Any CPU
		{B72D1735-BB10-42C1-AF35-3F5A12DF9607}.Debug|Any CPU.Build.0 = Debug|Any CPU
		{B72D1735-BB10-42C1-AF35-3F5A12DF9607}.Debug|Mixed Platforms.ActiveCfg = Debug|Any CPU
		{B72D1735-BB10-42C1-AF35-3F5A12DF9607}.Debug|Mixed Platforms.Build.0 = Debug|Any CPU
		{B72D1735-BB10-42C1-AF35-3F5A12DF9607}.Debug|x86.ActiveCfg = Debug|Any CPU
		{B72D1735-BB10-42C1-AF35-3F5A12DF9607}.Debug2|.NET.ActiveCfg = Debug|Any CPU
		{B72D1735-BB10-42C1-AF35-3F5A12DF9607}.Debug2|Any CPU.ActiveCfg = Debug|Any CPU
		{B72D1735-BB10-42C1-AF35-3F5A12DF9607}.Debug2|Any CPU.Build.0 = Debug|Any CPU
		{B72D1735-BB10-42C1-AF35-3F5A12DF9607}.Debug2|Mixed Platforms.ActiveCfg = Debug|Any CPU
		{B72D1735-BB10-42C1-AF35-3F5A12DF9607}.Debug2|Mixed Platforms.Build.0 = Debug|Any CPU
		{B72D1735-BB10-42C1-AF35-3F5A12DF9607}.Debug2|x86.ActiveCfg = Debug|Any CPU
		{B72D1735-BB10-42C1-AF35-3F5A12DF9607}.Release|.NET.ActiveCfg = Release|Any CPU
		{B72D1735-BB10-42C1-AF35-3F5A12DF9607}.Release|Any CPU.ActiveCfg = Release|Any CPU
		{B72D1735-BB10-42C1-AF35-3F5A12DF9607}.Release|Any CPU.Build.0 = Release|Any CPU
		{B72D1735-BB10-42C1-AF35-3F5A12DF9607}.Release|Mixed Platforms.ActiveCfg = Release|Any CPU
		{B72D1735-BB10-42C1-AF35-3F5A12DF9607}.Release|Mixed Platforms.Build.0 = Release|Any CPU
		{B72D1735-BB10-42C1-AF35-3F5A12DF9607}.Release|x86.ActiveCfg = Release|Any CPU
		{EF31C436-11B3-4C69-8663-2841C3CD667E}.Debug_2|.NET.ActiveCfg = Debug|Any CPU
		{EF31C436-11B3-4C69-8663-2841C3CD667E}.Debug_2|Any CPU.ActiveCfg = Debug|Any CPU
		{EF31C436-11B3-4C69-8663-2841C3CD667E}.Debug_2|Any CPU.Build.0 = Debug|Any CPU
		{EF31C436-11B3-4C69-8663-2841C3CD667E}.Debug_2|Mixed Platforms.ActiveCfg = Debug|Any CPU
		{EF31C436-11B3-4C69-8663-2841C3CD667E}.Debug_2|Mixed Platforms.Build.0 = Debug|Any CPU
		{EF31C436-11B3-4C69-8663-2841C3CD667E}.Debug_2|x86.ActiveCfg = Debug|Any CPU
		{EF31C436-11B3-4C69-8663-2841C3CD667E}.Debug|.NET.ActiveCfg = Debug|Any CPU
		{EF31C436-11B3-4C69-8663-2841C3CD667E}.Debug|Any CPU.ActiveCfg = Debug|Any CPU
		{EF31C436-11B3-4C69-8663-2841C3CD667E}.Debug|Any CPU.Build.0 = Debug|Any CPU
		{EF31C436-11B3-4C69-8663-2841C3CD667E}.Debug|Mixed Platforms.ActiveCfg = Debug|Any CPU
		{EF31C436-11B3-4C69-8663-2841C3CD667E}.Debug|Mixed Platforms.Build.0 = Debug|Any CPU
		{EF31C436-11B3-4C69-8663-2841C3CD667E}.Debug|x86.ActiveCfg = Debug|Any CPU
		{EF31C436-11B3-4C69-8663-2841C3CD667E}.Debug2|.NET.ActiveCfg = Debug|Any CPU
		{EF31C436-11B3-4C69-8663-2841C3CD667E}.Debug2|Any CPU.ActiveCfg = Debug|Any CPU
		{EF31C436-11B3-4C69-8663-2841C3CD667E}.Debug2|Any CPU.Build.0 = Debug|Any CPU
		{EF31C436-11B3-4C69-8663-2841C3CD667E}.Debug2|Mixed Platforms.ActiveCfg = Debug|Any CPU
		{EF31C436-11B3-4C69-8663-2841C3CD667E}.Debug2|Mixed Platforms.Build.0 = Debug|Any CPU
		{EF31C436-11B3-4C69-8663-2841C3CD667E}.Debug2|x86.ActiveCfg = Debug|Any CPU
		{EF31C436-11B3-4C69-8663-2841C3CD667E}.Release|.NET.ActiveCfg = Release|Any CPU
		{EF31C436-11B3-4C69-8663-2841C3CD667E}.Release|Any CPU.ActiveCfg = Release|Any CPU
		{EF31C436-11B3-4C69-8663-2841C3CD667E}.Release|Any CPU.Build.0 = Release|Any CPU
		{EF31C436-11B3-4C69-8663-2841C3CD667E}.Release|Mixed Platforms.ActiveCfg = Release|Any CPU
		{EF31C436-11B3-4C69-8663-2841C3CD667E}.Release|Mixed Platforms.Build.0 = Release|Any CPU
		{EF31C436-11B3-4C69-8663-2841C3CD667E}.Release|x86.ActiveCfg = Release|Any CPU
		{55137212-7AC0-412F-A105-0540124A8383}.Debug_2|.NET.ActiveCfg = Debug|Any CPU
		{55137212-7AC0-412F-A105-0540124A8383}.Debug_2|Any CPU.ActiveCfg = Debug|Any CPU
		{55137212-7AC0-412F-A105-0540124A8383}.Debug_2|Any CPU.Build.0 = Debug|Any CPU
		{55137212-7AC0-412F-A105-0540124A8383}.Debug_2|Mixed Platforms.ActiveCfg = Debug|Any CPU
		{55137212-7AC0-412F-A105-0540124A8383}.Debug_2|Mixed Platforms.Build.0 = Debug|Any CPU
		{55137212-7AC0-412F-A105-0540124A8383}.Debug_2|x86.ActiveCfg = Debug|Any CPU
		{55137212-7AC0-412F-A105-0540124A8383}.Debug|.NET.ActiveCfg = Debug|Any CPU
		{55137212-7AC0-412F-A105-0540124A8383}.Debug|Any CPU.ActiveCfg = Debug|Any CPU
		{55137212-7AC0-412F-A105-0540124A8383}.Debug|Any CPU.Build.0 = Debug|Any CPU
		{55137212-7AC0-412F-A105-0540124A8383}.Debug|Mixed Platforms.ActiveCfg = Debug|Any CPU
		{55137212-7AC0-412F-A105-0540124A8383}.Debug|Mixed Platforms.Build.0 = Debug|Any CPU
		{55137212-7AC0-412F-A105-0540124A8383}.Debug|x86.ActiveCfg = Debug|Any CPU
		{55137212-7AC0-412F-A105-0540124A8383}.Debug2|.NET.ActiveCfg = Debug|Any CPU
		{55137212-7AC0-412F-A105-0540124A8383}.Debug2|Any CPU.ActiveCfg = Debug|Any CPU
		{55137212-7AC0-412F-A105-0540124A8383}.Debug2|Any CPU.Build.0 = Debug|Any CPU
		{55137212-7AC0-412F-A105-0540124A8383}.Debug2|Mixed Platforms.ActiveCfg = Debug|Any CPU
		{55137212-7AC0-412F-A105-0540124A8383}.Debug2|Mixed Platforms.Build.0 = Debug|Any CPU
		{55137212-7AC0-412F-A105-0540124A8383}.Debug2|x86.ActiveCfg = Debug|Any CPU
		{55137212-7AC0-412F-A105-0540124A8383}.Release|.NET.ActiveCfg = Release|Any CPU
		{55137212-7AC0-412F-A105-0540124A8383}.Release|Any CPU.ActiveCfg = Release|Any CPU
		{55137212-7AC0-412F-A105-0540124A8383}.Release|Any CPU.Build.0 = Release|Any CPU
		{55137212-7AC0-412F-A105-0540124A8383}.Release|Mixed Platforms.ActiveCfg = Release|Any CPU
		{55137212-7AC0-412F-A105-0540124A8383}.Release|Mixed Platforms.Build.0 = Release|Any CPU
		{55137212-7AC0-412F-A105-0540124A8383}.Release|x86.ActiveCfg = Release|Any CPU
		{14B3B04D-D94D-43E4-8ED8-6C54B66B90CE}.Debug_2|.NET.ActiveCfg = Debug|Any CPU
		{14B3B04D-D94D-43E4-8ED8-6C54B66B90CE}.Debug_2|Any CPU.ActiveCfg = Debug|Any CPU
		{14B3B04D-D94D-43E4-8ED8-6C54B66B90CE}.Debug_2|Any CPU.Build.0 = Debug|Any CPU
		{14B3B04D-D94D-43E4-8ED8-6C54B66B90CE}.Debug_2|Mixed Platforms.ActiveCfg = Debug|Any CPU
		{14B3B04D-D94D-43E4-8ED8-6C54B66B90CE}.Debug_2|Mixed Platforms.Build.0 = Debug|Any CPU
		{14B3B04D-D94D-43E4-8ED8-6C54B66B90CE}.Debug_2|x86.ActiveCfg = Debug|Any CPU
		{14B3B04D-D94D-43E4-8ED8-6C54B66B90CE}.Debug|.NET.ActiveCfg = Debug|Any CPU
		{14B3B04D-D94D-43E4-8ED8-6C54B66B90CE}.Debug|Any CPU.ActiveCfg = Debug|Any CPU
		{14B3B04D-D94D-43E4-8ED8-6C54B66B90CE}.Debug|Any CPU.Build.0 = Debug|Any CPU
		{14B3B04D-D94D-43E4-8ED8-6C54B66B90CE}.Debug|Mixed Platforms.ActiveCfg = Debug|Any CPU
		{14B3B04D-D94D-43E4-8ED8-6C54B66B90CE}.Debug|Mixed Platforms.Build.0 = Debug|Any CPU
		{14B3B04D-D94D-43E4-8ED8-6C54B66B90CE}.Debug|x86.ActiveCfg = Debug|Any CPU
		{14B3B04D-D94D-43E4-8ED8-6C54B66B90CE}.Debug2|.NET.ActiveCfg = Debug|Any CPU
		{14B3B04D-D94D-43E4-8ED8-6C54B66B90CE}.Debug2|Any CPU.ActiveCfg = Debug|Any CPU
		{14B3B04D-D94D-43E4-8ED8-6C54B66B90CE}.Debug2|Any CPU.Build.0 = Debug|Any CPU
		{14B3B04D-D94D-43E4-8ED8-6C54B66B90CE}.Debug2|Mixed Platforms.ActiveCfg = Debug|Any CPU
		{14B3B04D-D94D-43E4-8ED8-6C54B66B90CE}.Debug2|Mixed Platforms.Build.0 = Debug|Any CPU
		{14B3B04D-D94D-43E4-8ED8-6C54B66B90CE}.Debug2|x86.ActiveCfg = Debug|Any CPU
		{14B3B04D-D94D-43E4-8ED8-6C54B66B90CE}.Release|.NET.ActiveCfg = Release|Any CPU
		{14B3B04D-D94D-43E4-8ED8-6C54B66B90CE}.Release|Any CPU.ActiveCfg = Release|Any CPU
		{14B3B04D-D94D-43E4-8ED8-6C54B66B90CE}.Release|Any CPU.Build.0 = Release|Any CPU
		{14B3B04D-D94D-43E4-8ED8-6C54B66B90CE}.Release|Mixed Platforms.ActiveCfg = Release|Any CPU
		{14B3B04D-D94D-43E4-8ED8-6C54B66B90CE}.Release|Mixed Platforms.Build.0 = Release|Any CPU
		{14B3B04D-D94D-43E4-8ED8-6C54B66B90CE}.Release|x86.ActiveCfg = Release|Any CPU
		{513DC097-A4CA-4AD9-8E57-14BBA5037271}.Debug_2|.NET.ActiveCfg = Debug|x86
		{513DC097-A4CA-4AD9-8E57-14BBA5037271}.Debug_2|Any CPU.ActiveCfg = Debug|x86
		{513DC097-A4CA-4AD9-8E57-14BBA5037271}.Debug_2|Mixed Platforms.ActiveCfg = Debug|x86
		{513DC097-A4CA-4AD9-8E57-14BBA5037271}.Debug_2|Mixed Platforms.Build.0 = Debug|x86
		{513DC097-A4CA-4AD9-8E57-14BBA5037271}.Debug_2|x86.ActiveCfg = Debug|x86
		{513DC097-A4CA-4AD9-8E57-14BBA5037271}.Debug_2|x86.Build.0 = Debug|x86
		{513DC097-A4CA-4AD9-8E57-14BBA5037271}.Debug|.NET.ActiveCfg = Debug|x86
		{513DC097-A4CA-4AD9-8E57-14BBA5037271}.Debug|Any CPU.ActiveCfg = Debug|x86
		{513DC097-A4CA-4AD9-8E57-14BBA5037271}.Debug|Mixed Platforms.ActiveCfg = Debug|x86
		{513DC097-A4CA-4AD9-8E57-14BBA5037271}.Debug|Mixed Platforms.Build.0 = Debug|x86
		{513DC097-A4CA-4AD9-8E57-14BBA5037271}.Debug|x86.ActiveCfg = Debug|x86
		{513DC097-A4CA-4AD9-8E57-14BBA5037271}.Debug|x86.Build.0 = Debug|x86
		{513DC097-A4CA-4AD9-8E57-14BBA5037271}.Debug2|.NET.ActiveCfg = Debug|x86
		{513DC097-A4CA-4AD9-8E57-14BBA5037271}.Debug2|Any CPU.ActiveCfg = Debug|x86
		{513DC097-A4CA-4AD9-8E57-14BBA5037271}.Debug2|Mixed Platforms.ActiveCfg = Debug|x86
		{513DC097-A4CA-4AD9-8E57-14BBA5037271}.Debug2|Mixed Platforms.Build.0 = Debug|x86
		{513DC097-A4CA-4AD9-8E57-14BBA5037271}.Debug2|x86.ActiveCfg = Debug|x86
		{513DC097-A4CA-4AD9-8E57-14BBA5037271}.Debug2|x86.Build.0 = Debug|x86
		{513DC097-A4CA-4AD9-8E57-14BBA5037271}.Release|.NET.ActiveCfg = Release|x86
		{513DC097-A4CA-4AD9-8E57-14BBA5037271}.Release|Any CPU.ActiveCfg = Release|x86
		{513DC097-A4CA-4AD9-8E57-14BBA5037271}.Release|Mixed Platforms.ActiveCfg = Release|x86
		{513DC097-A4CA-4AD9-8E57-14BBA5037271}.Release|Mixed Platforms.Build.0 = Release|x86
		{513DC097-A4CA-4AD9-8E57-14BBA5037271}.Release|x86.ActiveCfg = Release|x86
		{513DC097-A4CA-4AD9-8E57-14BBA5037271}.Release|x86.Build.0 = Release|x86
		{0D69885E-C53A-4AE9-B561-5688EB6814C8}.Debug_2|.NET.ActiveCfg = Debug_2|Any CPU
		{0D69885E-C53A-4AE9-B561-5688EB6814C8}.Debug_2|Any CPU.ActiveCfg = Debug_2|Any CPU
		{0D69885E-C53A-4AE9-B561-5688EB6814C8}.Debug_2|Any CPU.Build.0 = Debug_2|Any CPU
		{0D69885E-C53A-4AE9-B561-5688EB6814C8}.Debug_2|Mixed Platforms.ActiveCfg = Debug_2|Any CPU
		{0D69885E-C53A-4AE9-B561-5688EB6814C8}.Debug_2|Mixed Platforms.Build.0 = Debug_2|Any CPU
		{0D69885E-C53A-4AE9-B561-5688EB6814C8}.Debug_2|x86.ActiveCfg = Debug_2|Any CPU
		{0D69885E-C53A-4AE9-B561-5688EB6814C8}.Debug|.NET.ActiveCfg = Debug|Any CPU
		{0D69885E-C53A-4AE9-B561-5688EB6814C8}.Debug|Any CPU.ActiveCfg = Debug|Any CPU
		{0D69885E-C53A-4AE9-B561-5688EB6814C8}.Debug|Any CPU.Build.0 = Debug|Any CPU
		{0D69885E-C53A-4AE9-B561-5688EB6814C8}.Debug|Mixed Platforms.ActiveCfg = Debug|Any CPU
		{0D69885E-C53A-4AE9-B561-5688EB6814C8}.Debug|Mixed Platforms.Build.0 = Debug|Any CPU
		{0D69885E-C53A-4AE9-B561-5688EB6814C8}.Debug|x86.ActiveCfg = Debug|Any CPU
		{0D69885E-C53A-4AE9-B561-5688EB6814C8}.Debug2|.NET.ActiveCfg = Debug2|Any CPU
		{0D69885E-C53A-4AE9-B561-5688EB6814C8}.Debug2|Any CPU.ActiveCfg = Debug2|Any CPU
		{0D69885E-C53A-4AE9-B561-5688EB6814C8}.Debug2|Any CPU.Build.0 = Debug2|Any CPU
		{0D69885E-C53A-4AE9-B561-5688EB6814C8}.Debug2|Mixed Platforms.ActiveCfg = Debug2|Any CPU
		{0D69885E-C53A-4AE9-B561-5688EB6814C8}.Debug2|Mixed Platforms.Build.0 = Debug2|Any CPU
		{0D69885E-C53A-4AE9-B561-5688EB6814C8}.Debug2|x86.ActiveCfg = Debug2|Any CPU
		{0D69885E-C53A-4AE9-B561-5688EB6814C8}.Release|.NET.ActiveCfg = Release|Any CPU
		{0D69885E-C53A-4AE9-B561-5688EB6814C8}.Release|Any CPU.ActiveCfg = Release|Any CPU
		{0D69885E-C53A-4AE9-B561-5688EB6814C8}.Release|Any CPU.Build.0 = Release|Any CPU
		{0D69885E-C53A-4AE9-B561-5688EB6814C8}.Release|Mixed Platforms.ActiveCfg = Release|Any CPU
		{0D69885E-C53A-4AE9-B561-5688EB6814C8}.Release|Mixed Platforms.Build.0 = Release|Any CPU
		{0D69885E-C53A-4AE9-B561-5688EB6814C8}.Release|x86.ActiveCfg = Release|Any CPU
		{46902306-A482-47DE-98B7-A1BB7723CEC1}.Debug_2|.NET.ActiveCfg = Debug|Any CPU
		{46902306-A482-47DE-98B7-A1BB7723CEC1}.Debug_2|Any CPU.ActiveCfg = Debug|Any CPU
		{46902306-A482-47DE-98B7-A1BB7723CEC1}.Debug_2|Any CPU.Build.0 = Debug|Any CPU
		{46902306-A482-47DE-98B7-A1BB7723CEC1}.Debug_2|Mixed Platforms.ActiveCfg = Debug|Any CPU
		{46902306-A482-47DE-98B7-A1BB7723CEC1}.Debug_2|Mixed Platforms.Build.0 = Debug|Any CPU
		{46902306-A482-47DE-98B7-A1BB7723CEC1}.Debug_2|x86.ActiveCfg = Debug|Any CPU
		{46902306-A482-47DE-98B7-A1BB7723CEC1}.Debug|.NET.ActiveCfg = Debug|Any CPU
		{46902306-A482-47DE-98B7-A1BB7723CEC1}.Debug|Any CPU.ActiveCfg = Debug|Any CPU
		{46902306-A482-47DE-98B7-A1BB7723CEC1}.Debug|Any CPU.Build.0 = Debug|Any CPU
		{46902306-A482-47DE-98B7-A1BB7723CEC1}.Debug|Mixed Platforms.ActiveCfg = Debug|Any CPU
		{46902306-A482-47DE-98B7-A1BB7723CEC1}.Debug|Mixed Platforms.Build.0 = Debug|Any CPU
		{46902306-A482-47DE-98B7-A1BB7723CEC1}.Debug|x86.ActiveCfg = Debug|Any CPU
		{46902306-A482-47DE-98B7-A1BB7723CEC1}.Debug2|.NET.ActiveCfg = Debug|Any CPU
		{46902306-A482-47DE-98B7-A1BB7723CEC1}.Debug2|Any CPU.ActiveCfg = Debug|Any CPU
		{46902306-A482-47DE-98B7-A1BB7723CEC1}.Debug2|Any CPU.Build.0 = Debug|Any CPU
		{46902306-A482-47DE-98B7-A1BB7723CEC1}.Debug2|Mixed Platforms.ActiveCfg = Debug|Any CPU
		{46902306-A482-47DE-98B7-A1BB7723CEC1}.Debug2|Mixed Platforms.Build.0 = Debug|Any CPU
		{46902306-A482-47DE-98B7-A1BB7723CEC1}.Debug2|x86.ActiveCfg = Debug|Any CPU
		{46902306-A482-47DE-98B7-A1BB7723CEC1}.Release|.NET.ActiveCfg = Release|Any CPU
		{46902306-A482-47DE-98B7-A1BB7723CEC1}.Release|Any CPU.ActiveCfg = Release|Any CPU
		{46902306-A482-47DE-98B7-A1BB7723CEC1}.Release|Any CPU.Build.0 = Release|Any CPU
		{46902306-A482-47DE-98B7-A1BB7723CEC1}.Release|Mixed Platforms.ActiveCfg = Release|Any CPU
		{46902306-A482-47DE-98B7-A1BB7723CEC1}.Release|Mixed Platforms.Build.0 = Release|Any CPU
		{46902306-A482-47DE-98B7-A1BB7723CEC1}.Release|x86.ActiveCfg = Release|Any CPU
		{D5309D9F-A87A-489C-86FC-A04D3BB34414}.Debug_2|.NET.ActiveCfg = Debug|x86
		{D5309D9F-A87A-489C-86FC-A04D3BB34414}.Debug_2|Any CPU.ActiveCfg = Debug|x86
		{D5309D9F-A87A-489C-86FC-A04D3BB34414}.Debug_2|Mixed Platforms.ActiveCfg = Debug|x86
		{D5309D9F-A87A-489C-86FC-A04D3BB34414}.Debug_2|Mixed Platforms.Build.0 = Debug|x86
		{D5309D9F-A87A-489C-86FC-A04D3BB34414}.Debug_2|x86.ActiveCfg = Debug|x86
		{D5309D9F-A87A-489C-86FC-A04D3BB34414}.Debug_2|x86.Build.0 = Debug|x86
		{D5309D9F-A87A-489C-86FC-A04D3BB34414}.Debug|.NET.ActiveCfg = Debug|x86
		{D5309D9F-A87A-489C-86FC-A04D3BB34414}.Debug|Any CPU.ActiveCfg = Debug|x86
		{D5309D9F-A87A-489C-86FC-A04D3BB34414}.Debug|Mixed Platforms.ActiveCfg = Debug|x86
		{D5309D9F-A87A-489C-86FC-A04D3BB34414}.Debug|Mixed Platforms.Build.0 = Debug|x86
		{D5309D9F-A87A-489C-86FC-A04D3BB34414}.Debug|x86.ActiveCfg = Debug|x86
		{D5309D9F-A87A-489C-86FC-A04D3BB34414}.Debug|x86.Build.0 = Debug|x86
		{D5309D9F-A87A-489C-86FC-A04D3BB34414}.Debug2|.NET.ActiveCfg = Debug|x86
		{D5309D9F-A87A-489C-86FC-A04D3BB34414}.Debug2|Any CPU.ActiveCfg = Debug|x86
		{D5309D9F-A87A-489C-86FC-A04D3BB34414}.Debug2|Mixed Platforms.ActiveCfg = Debug|x86
		{D5309D9F-A87A-489C-86FC-A04D3BB34414}.Debug2|Mixed Platforms.Build.0 = Debug|x86
		{D5309D9F-A87A-489C-86FC-A04D3BB34414}.Debug2|x86.ActiveCfg = Debug|x86
		{D5309D9F-A87A-489C-86FC-A04D3BB34414}.Debug2|x86.Build.0 = Debug|x86
		{D5309D9F-A87A-489C-86FC-A04D3BB34414}.Release|.NET.ActiveCfg = Release|x86
		{D5309D9F-A87A-489C-86FC-A04D3BB34414}.Release|Any CPU.ActiveCfg = Release|x86
		{D5309D9F-A87A-489C-86FC-A04D3BB34414}.Release|Mixed Platforms.ActiveCfg = Release|x86
		{D5309D9F-A87A-489C-86FC-A04D3BB34414}.Release|Mixed Platforms.Build.0 = Release|x86
		{D5309D9F-A87A-489C-86FC-A04D3BB34414}.Release|x86.ActiveCfg = Release|x86
		{D5309D9F-A87A-489C-86FC-A04D3BB34414}.Release|x86.Build.0 = Release|x86
		{CC9163E5-2181-4392-A57B-EC124040F8A6}.Debug_2|.NET.ActiveCfg = Debug|Any CPU
		{CC9163E5-2181-4392-A57B-EC124040F8A6}.Debug_2|Any CPU.ActiveCfg = Debug|Any CPU
		{CC9163E5-2181-4392-A57B-EC124040F8A6}.Debug_2|Any CPU.Build.0 = Debug|Any CPU
		{CC9163E5-2181-4392-A57B-EC124040F8A6}.Debug_2|Mixed Platforms.ActiveCfg = Debug|Any CPU
		{CC9163E5-2181-4392-A57B-EC124040F8A6}.Debug_2|Mixed Platforms.Build.0 = Debug|Any CPU
		{CC9163E5-2181-4392-A57B-EC124040F8A6}.Debug_2|x86.ActiveCfg = Debug|Any CPU
		{CC9163E5-2181-4392-A57B-EC124040F8A6}.Debug|.NET.ActiveCfg = Debug|Any CPU
		{CC9163E5-2181-4392-A57B-EC124040F8A6}.Debug|Any CPU.ActiveCfg = Debug|Any CPU
		{CC9163E5-2181-4392-A57B-EC124040F8A6}.Debug|Any CPU.Build.0 = Debug|Any CPU
		{CC9163E5-2181-4392-A57B-EC124040F8A6}.Debug|Mixed Platforms.ActiveCfg = Debug|Any CPU
		{CC9163E5-2181-4392-A57B-EC124040F8A6}.Debug|Mixed Platforms.Build.0 = Debug|Any CPU
		{CC9163E5-2181-4392-A57B-EC124040F8A6}.Debug|x86.ActiveCfg = Debug|Any CPU
		{CC9163E5-2181-4392-A57B-EC124040F8A6}.Debug2|.NET.ActiveCfg = Debug|Any CPU
		{CC9163E5-2181-4392-A57B-EC124040F8A6}.Debug2|Any CPU.ActiveCfg = Debug|Any CPU
		{CC9163E5-2181-4392-A57B-EC124040F8A6}.Debug2|Any CPU.Build.0 = Debug|Any CPU
		{CC9163E5-2181-4392-A57B-EC124040F8A6}.Debug2|Mixed Platforms.ActiveCfg = Debug|Any CPU
		{CC9163E5-2181-4392-A57B-EC124040F8A6}.Debug2|Mixed Platforms.Build.0 = Debug|Any CPU
		{CC9163E5-2181-4392-A57B-EC124040F8A6}.Debug2|x86.ActiveCfg = Debug|Any CPU
		{CC9163E5-2181-4392-A57B-EC124040F8A6}.Release|.NET.ActiveCfg = Release|Any CPU
		{CC9163E5-2181-4392-A57B-EC124040F8A6}.Release|Any CPU.ActiveCfg = Release|Any CPU
		{CC9163E5-2181-4392-A57B-EC124040F8A6}.Release|Any CPU.Build.0 = Release|Any CPU
		{CC9163E5-2181-4392-A57B-EC124040F8A6}.Release|Mixed Platforms.ActiveCfg = Release|Any CPU
		{CC9163E5-2181-4392-A57B-EC124040F8A6}.Release|Mixed Platforms.Build.0 = Release|Any CPU
		{CC9163E5-2181-4392-A57B-EC124040F8A6}.Release|x86.ActiveCfg = Release|Any CPU
		{14B6E5FE-1F82-44C0-977E-33720EF93C81}.Debug_2|.NET.ActiveCfg = Debug|x86
		{14B6E5FE-1F82-44C0-977E-33720EF93C81}.Debug_2|Any CPU.ActiveCfg = Debug|x86
		{14B6E5FE-1F82-44C0-977E-33720EF93C81}.Debug_2|Mixed Platforms.ActiveCfg = Debug|x86
		{14B6E5FE-1F82-44C0-977E-33720EF93C81}.Debug_2|Mixed Platforms.Build.0 = Debug|x86
		{14B6E5FE-1F82-44C0-977E-33720EF93C81}.Debug_2|x86.ActiveCfg = Debug|x86
		{14B6E5FE-1F82-44C0-977E-33720EF93C81}.Debug_2|x86.Build.0 = Debug|x86
		{14B6E5FE-1F82-44C0-977E-33720EF93C81}.Debug|.NET.ActiveCfg = Debug|x86
		{14B6E5FE-1F82-44C0-977E-33720EF93C81}.Debug|Any CPU.ActiveCfg = Debug|x86
		{14B6E5FE-1F82-44C0-977E-33720EF93C81}.Debug|Mixed Platforms.ActiveCfg = Debug|x86
		{14B6E5FE-1F82-44C0-977E-33720EF93C81}.Debug|Mixed Platforms.Build.0 = Debug|x86
		{14B6E5FE-1F82-44C0-977E-33720EF93C81}.Debug|x86.ActiveCfg = Debug|x86
		{14B6E5FE-1F82-44C0-977E-33720EF93C81}.Debug|x86.Build.0 = Debug|x86
		{14B6E5FE-1F82-44C0-977E-33720EF93C81}.Debug2|.NET.ActiveCfg = Debug|x86
		{14B6E5FE-1F82-44C0-977E-33720EF93C81}.Debug2|Any CPU.ActiveCfg = Debug|x86
		{14B6E5FE-1F82-44C0-977E-33720EF93C81}.Debug2|Mixed Platforms.ActiveCfg = Debug|x86
		{14B6E5FE-1F82-44C0-977E-33720EF93C81}.Debug2|Mixed Platforms.Build.0 = Debug|x86
		{14B6E5FE-1F82-44C0-977E-33720EF93C81}.Debug2|x86.ActiveCfg = Debug|x86
		{14B6E5FE-1F82-44C0-977E-33720EF93C81}.Debug2|x86.Build.0 = Debug|x86
		{14B6E5FE-1F82-44C0-977E-33720EF93C81}.Release|.NET.ActiveCfg = Release|x86
		{14B6E5FE-1F82-44C0-977E-33720EF93C81}.Release|Any CPU.ActiveCfg = Release|x86
		{14B6E5FE-1F82-44C0-977E-33720EF93C81}.Release|Mixed Platforms.ActiveCfg = Release|x86
		{14B6E5FE-1F82-44C0-977E-33720EF93C81}.Release|Mixed Platforms.Build.0 = Release|x86
		{14B6E5FE-1F82-44C0-977E-33720EF93C81}.Release|x86.ActiveCfg = Release|x86
		{14B6E5FE-1F82-44C0-977E-33720EF93C81}.Release|x86.Build.0 = Release|x86
		{BF3AFCBE-58C9-4AFF-B564-83171CB1B988}.Debug_2|.NET.ActiveCfg = Debug|Any CPU
		{BF3AFCBE-58C9-4AFF-B564-83171CB1B988}.Debug_2|Any CPU.ActiveCfg = Debug|Any CPU
		{BF3AFCBE-58C9-4AFF-B564-83171CB1B988}.Debug_2|Any CPU.Build.0 = Debug|Any CPU
		{BF3AFCBE-58C9-4AFF-B564-83171CB1B988}.Debug_2|Mixed Platforms.ActiveCfg = Debug|Any CPU
		{BF3AFCBE-58C9-4AFF-B564-83171CB1B988}.Debug_2|Mixed Platforms.Build.0 = Debug|Any CPU
		{BF3AFCBE-58C9-4AFF-B564-83171CB1B988}.Debug_2|x86.ActiveCfg = Debug|Any CPU
		{BF3AFCBE-58C9-4AFF-B564-83171CB1B988}.Debug|.NET.ActiveCfg = Debug|Any CPU
		{BF3AFCBE-58C9-4AFF-B564-83171CB1B988}.Debug|Any CPU.ActiveCfg = Debug|Any CPU
		{BF3AFCBE-58C9-4AFF-B564-83171CB1B988}.Debug|Any CPU.Build.0 = Debug|Any CPU
		{BF3AFCBE-58C9-4AFF-B564-83171CB1B988}.Debug|Mixed Platforms.ActiveCfg = Debug|Any CPU
		{BF3AFCBE-58C9-4AFF-B564-83171CB1B988}.Debug|Mixed Platforms.Build.0 = Debug|Any CPU
		{BF3AFCBE-58C9-4AFF-B564-83171CB1B988}.Debug|x86.ActiveCfg = Debug|Any CPU
		{BF3AFCBE-58C9-4AFF-B564-83171CB1B988}.Debug2|.NET.ActiveCfg = Debug|Any CPU
		{BF3AFCBE-58C9-4AFF-B564-83171CB1B988}.Debug2|Any CPU.ActiveCfg = Debug|Any CPU
		{BF3AFCBE-58C9-4AFF-B564-83171CB1B988}.Debug2|Any CPU.Build.0 = Debug|Any CPU
		{BF3AFCBE-58C9-4AFF-B564-83171CB1B988}.Debug2|Mixed Platforms.ActiveCfg = Debug|Any CPU
		{BF3AFCBE-58C9-4AFF-B564-83171CB1B988}.Debug2|Mixed Platforms.Build.0 = Debug|Any CPU
		{BF3AFCBE-58C9-4AFF-B564-83171CB1B988}.Debug2|x86.ActiveCfg = Debug|Any CPU
		{BF3AFCBE-58C9-4AFF-B564-83171CB1B988}.Release|.NET.ActiveCfg = Release|Any CPU
		{BF3AFCBE-58C9-4AFF-B564-83171CB1B988}.Release|Any CPU.ActiveCfg = Release|Any CPU
		{BF3AFCBE-58C9-4AFF-B564-83171CB1B988}.Release|Any CPU.Build.0 = Release|Any CPU
		{BF3AFCBE-58C9-4AFF-B564-83171CB1B988}.Release|Mixed Platforms.ActiveCfg = Release|Any CPU
		{BF3AFCBE-58C9-4AFF-B564-83171CB1B988}.Release|Mixed Platforms.Build.0 = Release|Any CPU
		{BF3AFCBE-58C9-4AFF-B564-83171CB1B988}.Release|x86.ActiveCfg = Release|Any CPU
	EndGlobalSection
	GlobalSection(SolutionProperties) = preSolution
		HideSolutionNode = FALSE
	EndGlobalSection
	GlobalSection(ExtensibilityGlobals) = postSolution
		EnterpriseLibraryConfigurationToolBinariesPath = packages\Unity.2.1.505.0\lib\NET35
	EndGlobalSection
EndGlobal
