
Microsoft Visual Studio Solution File, Format Version 10.00
# Visual Studio 2008
Project("{D183A3D8-5FD8-494B-B014-37F57B35E655}") = "SSISToService", "SSISToService.dtproj", "{33079D2B-FFA8-47A3-BCB5-EB39B113CEE8}"
EndProject
Global
	GlobalSection(SolutionConfigurationPlatforms) = preSolution
		Development|Default = Development|Default
	EndGlobalSection
	GlobalSection(ProjectConfigurationPlatforms) = postSolution
		{33079D2B-FFA8-47A3-BCB5-EB39B113CEE8}.Development|Default.ActiveCfg = Development
		{33079D2B-FFA8-47A3-BCB5-EB39B113CEE8}.Development|Default.Build.0 = Development
	EndGlobalSection
	GlobalSection(SolutionProperties) = preSolution
		HideSolutionNode = FALSE
	EndGlobalSection
EndGlobal
