
Microsoft Visual Studio Solution File, Format Version 12.00
# Visual Studio 15
VisualStudioVersion = 15.0.27703.2035
Project("{2150E333-8FDC-42A3-9474-1A3956D46DE8}") = "Dal", "Dal", "{4207A553-34C8-4BFA-96BB-338602D742A3}"
EndProject
Project("{FAE04EC0-301F-11D3-BF4B-00C04F79EFBC}") = "Ege.Check.Dal.Store", "Ege.Check.Dal.Store\Ege.Check.Dal.Store.csproj", "{6284F453-A392-4456-8B41-21C648EC3BD8}"
EndProject
Project("{FAE04EC0-301F-11D3-BF4B-00C04F79EFBC}") = "Ege.Check.Dal.Cache", "Ege.Check.Dal.Cache\Ege.Check.Dal.Cache.csproj", "{B0056DE4-610C-446B-B761-9E64D65A81AF}"
EndProject
Project("{2150E333-8FDC-42A3-9474-1A3956D46DE8}") = "Logic", "Logic", "{D14F1E02-CD51-44B4-A215-C205640E1477}"
EndProject
Project("{2150E333-8FDC-42A3-9474-1A3956D46DE8}") = "App", "App", "{3D2E5A42-AC4A-430E-B4AA-B99B9112AE24}"
EndProject
Project("{FAE04EC0-301F-11D3-BF4B-00C04F79EFBC}") = "Ege.Check.Dal.Cache.Tests", "Ege.Check.Dal.Cache.Tests\Ege.Check.Dal.Cache.Tests.csproj", "{EC7645E1-FC3A-4D67-B8B7-2212BA2FA621}"
EndProject
Project("{FAE04EC0-301F-11D3-BF4B-00C04F79EFBC}") = "Ege.Check.Dal.Store.Tests", "Ege.Check.Dal.Store.Tests\Ege.Check.Dal.Store.Tests.csproj", "{D8C47203-A8CE-4324-A977-B5FA991E6418}"
EndProject
Project("{FAE04EC0-301F-11D3-BF4B-00C04F79EFBC}") = "Ege.Check.Logic.Models", "Ege.Check.Logic.Models\Ege.Check.Logic.Models.csproj", "{FC3A4FFE-EAEC-40F5-92EE-ACC13D0C224C}"
EndProject
Project("{2150E333-8FDC-42A3-9474-1A3956D46DE8}") = ".nuget", ".nuget", "{C8C51C1B-4E22-442F-81E2-A0CEA266FF40}"
	ProjectSection(SolutionItems) = preProject
		.nuget\NuGet.Config = .nuget\NuGet.Config
		.nuget\NuGet.exe = .nuget\NuGet.exe
		.nuget\NuGet.targets = .nuget\NuGet.targets
	EndProjectSection
EndProject
Project("{FAE04EC0-301F-11D3-BF4B-00C04F79EFBC}") = "Ege.Check.App.Web", "Ege.Check.App.Web\Ege.Check.App.Web.csproj", "{F1EC5BE7-99E5-42C8-8000-A30B6B808820}"
EndProject
Project("{2150E333-8FDC-42A3-9474-1A3956D46DE8}") = "Common", "Common", "{12F0EE69-34C4-4677-8A98-CA9D47FF3696}"
EndProject
Project("{FAE04EC0-301F-11D3-BF4B-00C04F79EFBC}") = "Ege.Check.Common", "Ege.Check.Common\Ege.Check.Common.csproj", "{5DEE1362-7ED0-4A8D-BAB0-211DA7AD3C04}"
EndProject
Project("{FAE04EC0-301F-11D3-BF4B-00C04F79EFBC}") = "Ege.Check.Logic", "Ege.Check.Logic\Ege.Check.Logic.csproj", "{3C8EB881-7AA0-48C6-8725-AAE6DD4B76D5}"
EndProject
Project("{FAE04EC0-301F-11D3-BF4B-00C04F79EFBC}") = "Ege.Check.Logic.Tests", "Ege.Check.Logic.Tests\Ege.Check.Logic.Tests.csproj", "{60AF24AA-D929-47A0-83BF-66764448D14D}"
EndProject
Project("{FAE04EC0-301F-11D3-BF4B-00C04F79EFBC}") = "Ege.Check.App.Web.Tests", "Ege.Check.App.Web.Tests\Ege.Check.App.Web.Tests.csproj", "{96110C66-1028-41AD-95BD-54A841DAFFBD}"
EndProject
Project("{FAE04EC0-301F-11D3-BF4B-00C04F79EFBC}") = "Ege.Check.Common.Tests", "Ege.Check.Common.Tests\Ege.Check.Common.Tests.csproj", "{241B6A51-3C94-44BE-B5A8-7E053BB75094}"
EndProject
Project("{FAE04EC0-301F-11D3-BF4B-00C04F79EFBC}") = "Ege.Check.Captcha", "Ege.Check.Captcha\Ege.Check.Captcha.csproj", "{CDC06D4B-1094-4CF9-9A1F-80E5CB098CEA}"
EndProject
Project("{FAE04EC0-301F-11D3-BF4B-00C04F79EFBC}") = "Ege.Check.App.Web.Blanks", "Ege.Check.App.Web.Blanks\Ege.Check.App.Web.Blanks.csproj", "{C02F1895-0756-4100-AB85-50E8591F474B}"
EndProject
Project("{FAE04EC0-301F-11D3-BF4B-00C04F79EFBC}") = "Ege.Check.Captcha.Tests", "Ege.Check.Captcha.Tests\Ege.Check.Captcha.Tests.csproj", "{BFDD1A8A-A381-49D3-A9DA-4023CC6B59ED}"
EndProject
Project("{FAE04EC0-301F-11D3-BF4B-00C04F79EFBC}") = "Ege.Check.Logic.Services", "Ege.Check.Logic.Services\Ege.Check.Logic.Services.csproj", "{15B3E0D2-6217-493A-A690-158C497F5318}"
EndProject
Project("{FAE04EC0-301F-11D3-BF4B-00C04F79EFBC}") = "Ege.Check.App.Services", "Ege.Check.App.Services\Ege.Check.App.Services.csproj", "{B1DD4FB8-D72F-423E-90BE-28F5CE8224EA}"
EndProject
Project("{FAE04EC0-301F-11D3-BF4B-00C04F79EFBC}") = "Ege.Check.Dal.Blanks", "Ege.Check.Dal.Blanks\Ege.Check.Dal.Blanks.csproj", "{F9E98331-CDC2-4D2D-BD74-6D3A9C1A29DF}"
EndProject
Project("{FAE04EC0-301F-11D3-BF4B-00C04F79EFBC}") = "Ege.Check.Dal.MemoryCache", "Ege.Check.Dal.MemoryCache\Ege.Check.Dal.MemoryCache.csproj", "{327D48CC-4FD2-49FA-BEDF-2295560F38B6}"
EndProject
Project("{FAE04EC0-301F-11D3-BF4B-00C04F79EFBC}") = "Ege.Check.App.Web.Common", "Ege.Check.App.Web.Common\Ege.Check.App.Web.Common.csproj", "{6824122E-8456-4FF7-B101-081BFD8533B9}"
EndProject
Project("{FAE04EC0-301F-11D3-BF4B-00C04F79EFBC}") = "Ege.Hsc.Dal.Store", "Ege.Hsc.Dal.Store\Ege.Hsc.Dal.Store.csproj", "{610F2462-9A34-48DA-9A04-6F7681659A8E}"
EndProject
Project("{FAE04EC0-301F-11D3-BF4B-00C04F79EFBC}") = "Ege.Hsc.Dal.Entities", "Ege.Hsc.Dal.Entities\Ege.Hsc.Dal.Entities.csproj", "{BD805E08-A9FD-4ADA-BF7F-504A9336AD14}"
EndProject
Project("{FAE04EC0-301F-11D3-BF4B-00C04F79EFBC}") = "Ege.Check.Dal.Entities", "Ege.Check.Dal.Entities\Ege.Check.Dal.Entities.csproj", "{C243AA93-29A3-4307-B66A-2C832E1B4096}"
EndProject
Project("{FAE04EC0-301F-11D3-BF4B-00C04F79EFBC}") = "Ege.Dal.Common", "Ege.Dal.Common\Ege.Dal.Common.csproj", "{410C7C9C-CDD7-4018-8526-3B9A207CDD89}"
EndProject
Project("{FAE04EC0-301F-11D3-BF4B-00C04F79EFBC}") = "Ege.Hsc.Dal.Store.Tests", "Ege.Hsc.Dal.Store.Tests\Ege.Hsc.Dal.Store.Tests.csproj", "{DF2A7382-E165-4EF1-8E79-16ABB0AF1E7D}"
EndProject
Project("{FAE04EC0-301F-11D3-BF4B-00C04F79EFBC}") = "Ege.Hsc.Logic", "Ege.Hsc.Logic\Ege.Hsc.Logic.csproj", "{640444CC-4172-4443-A76D-72241AE5182F}"
EndProject
Project("{FAE04EC0-301F-11D3-BF4B-00C04F79EFBC}") = "Ege.Hsc.Scheduler", "Ege.Hsc.Scheduler\Ege.Hsc.Scheduler.csproj", "{4EE32E3D-BE29-488D-8785-E09132729E2E}"
EndProject
Project("{FAE04EC0-301F-11D3-BF4B-00C04F79EFBC}") = "Ege.Hsc.Logic.Models", "Ege.Hsc.Logic.Models\Ege.Hsc.Logic.Models.csproj", "{B309F323-FD91-4147-8430-B8A748A5848D}"
EndProject
Project("{FAE04EC0-301F-11D3-BF4B-00C04F79EFBC}") = "Ege.Check.Logic.Services.Dtos", "Ege.Check.Logic.Services.Dtos\Ege.Check.Logic.Services.Dtos.csproj", "{7A24D66C-AF06-4CCB-B843-CDD6B5A7DA35}"
EndProject
Project("{FAE04EC0-301F-11D3-BF4B-00C04F79EFBC}") = "Ege.Dal.Common.Tests", "Ege.Dal.Common.Tests\Ege.Dal.Common.Tests.csproj", "{8287E23B-4C8D-4D16-BC89-FA0433A41A71}"
EndProject
Project("{FAE04EC0-301F-11D3-BF4B-00C04F79EFBC}") = "Ege.Dal.BaseTests", "Ege.Dal.BaseTests\Ege.Dal.BaseTests.csproj", "{6F60F7BE-99A4-42BC-A5BA-16C4B4ECF51D}"
EndProject
Project("{FAE04EC0-301F-11D3-BF4B-00C04F79EFBC}") = "Ege.Hsc.Logic.Tests", "Ege.Hsc.Logic.Tests\Ege.Hsc.Logic.Tests.csproj", "{2FB916BF-1163-4F4F-9DD1-0A1702F700BC}"
EndProject
Project("{FAE04EC0-301F-11D3-BF4B-00C04F79EFBC}") = "Ege.Logic.BaseTests", "Ege.Logic.BaseTests\Ege.Logic.BaseTests.csproj", "{575692A2-2716-4173-A406-320F67BB7D1E}"
EndProject
Project("{FAE04EC0-301F-11D3-BF4B-00C04F79EFBC}") = "Ege.Check.Dal.Cache.AppFabric", "Ege.Check.Dal.Cache.AppFabric\Ege.Check.Dal.Cache.AppFabric.csproj", "{A6C5C6F3-6DED-4CB7-962C-823551474746}"
EndProject
Project("{FAE04EC0-301F-11D3-BF4B-00C04F79EFBC}") = "Ege.Check.Dal.Cache.Redis", "Ege.Check.Dal.Cache.Redis\Ege.Check.Dal.Cache.Redis.csproj", "{EBD2DC82-AE75-4E9D-BAF1-03F0C16C4955}"
EndProject
Project("{FAE04EC0-301F-11D3-BF4B-00C04F79EFBC}") = "Ege.Check.Dal.Cache.Interfaces", "Ege.Check.Dal.Cache.Interfaces\Ege.Check.Dal.Cache.Interfaces.csproj", "{9DAD3F69-C3B5-4010-AA52-A4A4B54E7F64}"
EndProject
Global
	GlobalSection(SolutionConfigurationPlatforms) = preSolution
		Debug|Any CPU = Debug|Any CPU
		Release|Any CPU = Release|Any CPU
		Test|Any CPU = Test|Any CPU
	EndGlobalSection
	GlobalSection(ProjectConfigurationPlatforms) = postSolution
		{6284F453-A392-4456-8B41-21C648EC3BD8}.Debug|Any CPU.ActiveCfg = Debug|Any CPU
		{6284F453-A392-4456-8B41-21C648EC3BD8}.Debug|Any CPU.Build.0 = Debug|Any CPU
		{6284F453-A392-4456-8B41-21C648EC3BD8}.Release|Any CPU.ActiveCfg = Release|Any CPU
		{6284F453-A392-4456-8B41-21C648EC3BD8}.Release|Any CPU.Build.0 = Release|Any CPU
		{6284F453-A392-4456-8B41-21C648EC3BD8}.Test|Any CPU.ActiveCfg = Test|Any CPU
		{6284F453-A392-4456-8B41-21C648EC3BD8}.Test|Any CPU.Build.0 = Test|Any CPU
		{B0056DE4-610C-446B-B761-9E64D65A81AF}.Debug|Any CPU.ActiveCfg = Debug|Any CPU
		{B0056DE4-610C-446B-B761-9E64D65A81AF}.Debug|Any CPU.Build.0 = Debug|Any CPU
		{B0056DE4-610C-446B-B761-9E64D65A81AF}.Release|Any CPU.ActiveCfg = Release|Any CPU
		{B0056DE4-610C-446B-B761-9E64D65A81AF}.Release|Any CPU.Build.0 = Release|Any CPU
		{B0056DE4-610C-446B-B761-9E64D65A81AF}.Test|Any CPU.ActiveCfg = Test|Any CPU
		{B0056DE4-610C-446B-B761-9E64D65A81AF}.Test|Any CPU.Build.0 = Test|Any CPU
		{EC7645E1-FC3A-4D67-B8B7-2212BA2FA621}.Debug|Any CPU.ActiveCfg = Debug|Any CPU
		{EC7645E1-FC3A-4D67-B8B7-2212BA2FA621}.Debug|Any CPU.Build.0 = Debug|Any CPU
		{EC7645E1-FC3A-4D67-B8B7-2212BA2FA621}.Release|Any CPU.ActiveCfg = Release|Any CPU
		{EC7645E1-FC3A-4D67-B8B7-2212BA2FA621}.Release|Any CPU.Build.0 = Release|Any CPU
		{EC7645E1-FC3A-4D67-B8B7-2212BA2FA621}.Test|Any CPU.ActiveCfg = Test|Any CPU
		{EC7645E1-FC3A-4D67-B8B7-2212BA2FA621}.Test|Any CPU.Build.0 = Test|Any CPU
		{D8C47203-A8CE-4324-A977-B5FA991E6418}.Debug|Any CPU.ActiveCfg = Debug|Any CPU
		{D8C47203-A8CE-4324-A977-B5FA991E6418}.Debug|Any CPU.Build.0 = Debug|Any CPU
		{D8C47203-A8CE-4324-A977-B5FA991E6418}.Release|Any CPU.ActiveCfg = Release|Any CPU
		{D8C47203-A8CE-4324-A977-B5FA991E6418}.Release|Any CPU.Build.0 = Release|Any CPU
		{D8C47203-A8CE-4324-A977-B5FA991E6418}.Test|Any CPU.ActiveCfg = Test|Any CPU
		{D8C47203-A8CE-4324-A977-B5FA991E6418}.Test|Any CPU.Build.0 = Test|Any CPU
		{FC3A4FFE-EAEC-40F5-92EE-ACC13D0C224C}.Debug|Any CPU.ActiveCfg = Debug|Any CPU
		{FC3A4FFE-EAEC-40F5-92EE-ACC13D0C224C}.Debug|Any CPU.Build.0 = Debug|Any CPU
		{FC3A4FFE-EAEC-40F5-92EE-ACC13D0C224C}.Release|Any CPU.ActiveCfg = Release|Any CPU
		{FC3A4FFE-EAEC-40F5-92EE-ACC13D0C224C}.Release|Any CPU.Build.0 = Release|Any CPU
		{FC3A4FFE-EAEC-40F5-92EE-ACC13D0C224C}.Test|Any CPU.ActiveCfg = Test|Any CPU
		{FC3A4FFE-EAEC-40F5-92EE-ACC13D0C224C}.Test|Any CPU.Build.0 = Test|Any CPU
		{F1EC5BE7-99E5-42C8-8000-A30B6B808820}.Debug|Any CPU.ActiveCfg = Debug|Any CPU
		{F1EC5BE7-99E5-42C8-8000-A30B6B808820}.Debug|Any CPU.Build.0 = Debug|Any CPU
		{F1EC5BE7-99E5-42C8-8000-A30B6B808820}.Release|Any CPU.ActiveCfg = Release|Any CPU
		{F1EC5BE7-99E5-42C8-8000-A30B6B808820}.Release|Any CPU.Build.0 = Release|Any CPU
		{F1EC5BE7-99E5-42C8-8000-A30B6B808820}.Test|Any CPU.ActiveCfg = Test|Any CPU
		{F1EC5BE7-99E5-42C8-8000-A30B6B808820}.Test|Any CPU.Build.0 = Test|Any CPU
		{5DEE1362-7ED0-4A8D-BAB0-211DA7AD3C04}.Debug|Any CPU.ActiveCfg = Debug|Any CPU
		{5DEE1362-7ED0-4A8D-BAB0-211DA7AD3C04}.Debug|Any CPU.Build.0 = Debug|Any CPU
		{5DEE1362-7ED0-4A8D-BAB0-211DA7AD3C04}.Release|Any CPU.ActiveCfg = Release|Any CPU
		{5DEE1362-7ED0-4A8D-BAB0-211DA7AD3C04}.Release|Any CPU.Build.0 = Release|Any CPU
		{5DEE1362-7ED0-4A8D-BAB0-211DA7AD3C04}.Test|Any CPU.ActiveCfg = Test|Any CPU
		{5DEE1362-7ED0-4A8D-BAB0-211DA7AD3C04}.Test|Any CPU.Build.0 = Test|Any CPU
		{3C8EB881-7AA0-48C6-8725-AAE6DD4B76D5}.Debug|Any CPU.ActiveCfg = Debug|Any CPU
		{3C8EB881-7AA0-48C6-8725-AAE6DD4B76D5}.Debug|Any CPU.Build.0 = Debug|Any CPU
		{3C8EB881-7AA0-48C6-8725-AAE6DD4B76D5}.Release|Any CPU.ActiveCfg = Release|Any CPU
		{3C8EB881-7AA0-48C6-8725-AAE6DD4B76D5}.Release|Any CPU.Build.0 = Release|Any CPU
		{3C8EB881-7AA0-48C6-8725-AAE6DD4B76D5}.Test|Any CPU.ActiveCfg = Test|Any CPU
		{3C8EB881-7AA0-48C6-8725-AAE6DD4B76D5}.Test|Any CPU.Build.0 = Test|Any CPU
		{60AF24AA-D929-47A0-83BF-66764448D14D}.Debug|Any CPU.ActiveCfg = Debug|Any CPU
		{60AF24AA-D929-47A0-83BF-66764448D14D}.Debug|Any CPU.Build.0 = Debug|Any CPU
		{60AF24AA-D929-47A0-83BF-66764448D14D}.Release|Any CPU.ActiveCfg = Release|Any CPU
		{60AF24AA-D929-47A0-83BF-66764448D14D}.Release|Any CPU.Build.0 = Release|Any CPU
		{60AF24AA-D929-47A0-83BF-66764448D14D}.Test|Any CPU.ActiveCfg = Test|Any CPU
		{60AF24AA-D929-47A0-83BF-66764448D14D}.Test|Any CPU.Build.0 = Test|Any CPU
		{96110C66-1028-41AD-95BD-54A841DAFFBD}.Debug|Any CPU.ActiveCfg = Debug|Any CPU
		{96110C66-1028-41AD-95BD-54A841DAFFBD}.Debug|Any CPU.Build.0 = Debug|Any CPU
		{96110C66-1028-41AD-95BD-54A841DAFFBD}.Release|Any CPU.ActiveCfg = Release|Any CPU
		{96110C66-1028-41AD-95BD-54A841DAFFBD}.Release|Any CPU.Build.0 = Release|Any CPU
		{96110C66-1028-41AD-95BD-54A841DAFFBD}.Test|Any CPU.ActiveCfg = Test|Any CPU
		{96110C66-1028-41AD-95BD-54A841DAFFBD}.Test|Any CPU.Build.0 = Test|Any CPU
		{241B6A51-3C94-44BE-B5A8-7E053BB75094}.Debug|Any CPU.ActiveCfg = Debug|Any CPU
		{241B6A51-3C94-44BE-B5A8-7E053BB75094}.Debug|Any CPU.Build.0 = Debug|Any CPU
		{241B6A51-3C94-44BE-B5A8-7E053BB75094}.Release|Any CPU.ActiveCfg = Release|Any CPU
		{241B6A51-3C94-44BE-B5A8-7E053BB75094}.Release|Any CPU.Build.0 = Release|Any CPU
		{241B6A51-3C94-44BE-B5A8-7E053BB75094}.Test|Any CPU.ActiveCfg = Test|Any CPU
		{241B6A51-3C94-44BE-B5A8-7E053BB75094}.Test|Any CPU.Build.0 = Test|Any CPU
		{CDC06D4B-1094-4CF9-9A1F-80E5CB098CEA}.Debug|Any CPU.ActiveCfg = Debug|Any CPU
		{CDC06D4B-1094-4CF9-9A1F-80E5CB098CEA}.Debug|Any CPU.Build.0 = Debug|Any CPU
		{CDC06D4B-1094-4CF9-9A1F-80E5CB098CEA}.Release|Any CPU.ActiveCfg = Release|Any CPU
		{CDC06D4B-1094-4CF9-9A1F-80E5CB098CEA}.Release|Any CPU.Build.0 = Release|Any CPU
		{CDC06D4B-1094-4CF9-9A1F-80E5CB098CEA}.Test|Any CPU.ActiveCfg = Test|Any CPU
		{CDC06D4B-1094-4CF9-9A1F-80E5CB098CEA}.Test|Any CPU.Build.0 = Test|Any CPU
		{C02F1895-0756-4100-AB85-50E8591F474B}.Debug|Any CPU.ActiveCfg = Debug|Any CPU
		{C02F1895-0756-4100-AB85-50E8591F474B}.Debug|Any CPU.Build.0 = Debug|Any CPU
		{C02F1895-0756-4100-AB85-50E8591F474B}.Release|Any CPU.ActiveCfg = Release|Any CPU
		{C02F1895-0756-4100-AB85-50E8591F474B}.Release|Any CPU.Build.0 = Release|Any CPU
		{C02F1895-0756-4100-AB85-50E8591F474B}.Test|Any CPU.ActiveCfg = Test|Any CPU
		{C02F1895-0756-4100-AB85-50E8591F474B}.Test|Any CPU.Build.0 = Test|Any CPU
		{BFDD1A8A-A381-49D3-A9DA-4023CC6B59ED}.Debug|Any CPU.ActiveCfg = Debug|Any CPU
		{BFDD1A8A-A381-49D3-A9DA-4023CC6B59ED}.Debug|Any CPU.Build.0 = Debug|Any CPU
		{BFDD1A8A-A381-49D3-A9DA-4023CC6B59ED}.Release|Any CPU.ActiveCfg = Release|Any CPU
		{BFDD1A8A-A381-49D3-A9DA-4023CC6B59ED}.Release|Any CPU.Build.0 = Release|Any CPU
		{BFDD1A8A-A381-49D3-A9DA-4023CC6B59ED}.Test|Any CPU.ActiveCfg = Test|Any CPU
		{BFDD1A8A-A381-49D3-A9DA-4023CC6B59ED}.Test|Any CPU.Build.0 = Test|Any CPU
		{15B3E0D2-6217-493A-A690-158C497F5318}.Debug|Any CPU.ActiveCfg = Debug|Any CPU
		{15B3E0D2-6217-493A-A690-158C497F5318}.Debug|Any CPU.Build.0 = Debug|Any CPU
		{15B3E0D2-6217-493A-A690-158C497F5318}.Release|Any CPU.ActiveCfg = Release|Any CPU
		{15B3E0D2-6217-493A-A690-158C497F5318}.Release|Any CPU.Build.0 = Release|Any CPU
		{15B3E0D2-6217-493A-A690-158C497F5318}.Test|Any CPU.ActiveCfg = Test|Any CPU
		{15B3E0D2-6217-493A-A690-158C497F5318}.Test|Any CPU.Build.0 = Test|Any CPU
		{B1DD4FB8-D72F-423E-90BE-28F5CE8224EA}.Debug|Any CPU.ActiveCfg = Debug|Any CPU
		{B1DD4FB8-D72F-423E-90BE-28F5CE8224EA}.Debug|Any CPU.Build.0 = Debug|Any CPU
		{B1DD4FB8-D72F-423E-90BE-28F5CE8224EA}.Release|Any CPU.ActiveCfg = Release|Any CPU
		{B1DD4FB8-D72F-423E-90BE-28F5CE8224EA}.Release|Any CPU.Build.0 = Release|Any CPU
		{B1DD4FB8-D72F-423E-90BE-28F5CE8224EA}.Test|Any CPU.ActiveCfg = Test|Any CPU
		{B1DD4FB8-D72F-423E-90BE-28F5CE8224EA}.Test|Any CPU.Build.0 = Test|Any CPU
		{F9E98331-CDC2-4D2D-BD74-6D3A9C1A29DF}.Debug|Any CPU.ActiveCfg = Debug|Any CPU
		{F9E98331-CDC2-4D2D-BD74-6D3A9C1A29DF}.Debug|Any CPU.Build.0 = Debug|Any CPU
		{F9E98331-CDC2-4D2D-BD74-6D3A9C1A29DF}.Release|Any CPU.ActiveCfg = Release|Any CPU
		{F9E98331-CDC2-4D2D-BD74-6D3A9C1A29DF}.Release|Any CPU.Build.0 = Release|Any CPU
		{F9E98331-CDC2-4D2D-BD74-6D3A9C1A29DF}.Test|Any CPU.ActiveCfg = Test|Any CPU
		{F9E98331-CDC2-4D2D-BD74-6D3A9C1A29DF}.Test|Any CPU.Build.0 = Test|Any CPU
		{327D48CC-4FD2-49FA-BEDF-2295560F38B6}.Debug|Any CPU.ActiveCfg = Debug|Any CPU
		{327D48CC-4FD2-49FA-BEDF-2295560F38B6}.Debug|Any CPU.Build.0 = Debug|Any CPU
		{327D48CC-4FD2-49FA-BEDF-2295560F38B6}.Release|Any CPU.ActiveCfg = Release|Any CPU
		{327D48CC-4FD2-49FA-BEDF-2295560F38B6}.Release|Any CPU.Build.0 = Release|Any CPU
		{327D48CC-4FD2-49FA-BEDF-2295560F38B6}.Test|Any CPU.ActiveCfg = Test|Any CPU
		{327D48CC-4FD2-49FA-BEDF-2295560F38B6}.Test|Any CPU.Build.0 = Test|Any CPU
		{6824122E-8456-4FF7-B101-081BFD8533B9}.Debug|Any CPU.ActiveCfg = Debug|Any CPU
		{6824122E-8456-4FF7-B101-081BFD8533B9}.Debug|Any CPU.Build.0 = Debug|Any CPU
		{6824122E-8456-4FF7-B101-081BFD8533B9}.Release|Any CPU.ActiveCfg = Release|Any CPU
		{6824122E-8456-4FF7-B101-081BFD8533B9}.Release|Any CPU.Build.0 = Release|Any CPU
		{6824122E-8456-4FF7-B101-081BFD8533B9}.Test|Any CPU.ActiveCfg = Test|Any CPU
		{6824122E-8456-4FF7-B101-081BFD8533B9}.Test|Any CPU.Build.0 = Test|Any CPU
		{610F2462-9A34-48DA-9A04-6F7681659A8E}.Debug|Any CPU.ActiveCfg = Debug|Any CPU
		{610F2462-9A34-48DA-9A04-6F7681659A8E}.Debug|Any CPU.Build.0 = Debug|Any CPU
		{610F2462-9A34-48DA-9A04-6F7681659A8E}.Release|Any CPU.ActiveCfg = Release|Any CPU
		{610F2462-9A34-48DA-9A04-6F7681659A8E}.Release|Any CPU.Build.0 = Release|Any CPU
		{610F2462-9A34-48DA-9A04-6F7681659A8E}.Test|Any CPU.ActiveCfg = Test|Any CPU
		{610F2462-9A34-48DA-9A04-6F7681659A8E}.Test|Any CPU.Build.0 = Test|Any CPU
		{BD805E08-A9FD-4ADA-BF7F-504A9336AD14}.Debug|Any CPU.ActiveCfg = Debug|Any CPU
		{BD805E08-A9FD-4ADA-BF7F-504A9336AD14}.Debug|Any CPU.Build.0 = Debug|Any CPU
		{BD805E08-A9FD-4ADA-BF7F-504A9336AD14}.Release|Any CPU.ActiveCfg = Release|Any CPU
		{BD805E08-A9FD-4ADA-BF7F-504A9336AD14}.Release|Any CPU.Build.0 = Release|Any CPU
		{BD805E08-A9FD-4ADA-BF7F-504A9336AD14}.Test|Any CPU.ActiveCfg = Test|Any CPU
		{BD805E08-A9FD-4ADA-BF7F-504A9336AD14}.Test|Any CPU.Build.0 = Test|Any CPU
		{C243AA93-29A3-4307-B66A-2C832E1B4096}.Debug|Any CPU.ActiveCfg = Debug|Any CPU
		{C243AA93-29A3-4307-B66A-2C832E1B4096}.Debug|Any CPU.Build.0 = Debug|Any CPU
		{C243AA93-29A3-4307-B66A-2C832E1B4096}.Release|Any CPU.ActiveCfg = Release|Any CPU
		{C243AA93-29A3-4307-B66A-2C832E1B4096}.Release|Any CPU.Build.0 = Release|Any CPU
		{C243AA93-29A3-4307-B66A-2C832E1B4096}.Test|Any CPU.ActiveCfg = Test|Any CPU
		{C243AA93-29A3-4307-B66A-2C832E1B4096}.Test|Any CPU.Build.0 = Test|Any CPU
		{410C7C9C-CDD7-4018-8526-3B9A207CDD89}.Debug|Any CPU.ActiveCfg = Debug|Any CPU
		{410C7C9C-CDD7-4018-8526-3B9A207CDD89}.Debug|Any CPU.Build.0 = Debug|Any CPU
		{410C7C9C-CDD7-4018-8526-3B9A207CDD89}.Release|Any CPU.ActiveCfg = Release|Any CPU
		{410C7C9C-CDD7-4018-8526-3B9A207CDD89}.Release|Any CPU.Build.0 = Release|Any CPU
		{410C7C9C-CDD7-4018-8526-3B9A207CDD89}.Test|Any CPU.ActiveCfg = Test|Any CPU
		{410C7C9C-CDD7-4018-8526-3B9A207CDD89}.Test|Any CPU.Build.0 = Test|Any CPU
		{DF2A7382-E165-4EF1-8E79-16ABB0AF1E7D}.Debug|Any CPU.ActiveCfg = Debug|Any CPU
		{DF2A7382-E165-4EF1-8E79-16ABB0AF1E7D}.Debug|Any CPU.Build.0 = Debug|Any CPU
		{DF2A7382-E165-4EF1-8E79-16ABB0AF1E7D}.Release|Any CPU.ActiveCfg = Release|Any CPU
		{DF2A7382-E165-4EF1-8E79-16ABB0AF1E7D}.Release|Any CPU.Build.0 = Release|Any CPU
		{DF2A7382-E165-4EF1-8E79-16ABB0AF1E7D}.Test|Any CPU.ActiveCfg = Test|Any CPU
		{DF2A7382-E165-4EF1-8E79-16ABB0AF1E7D}.Test|Any CPU.Build.0 = Test|Any CPU
		{640444CC-4172-4443-A76D-72241AE5182F}.Debug|Any CPU.ActiveCfg = Debug|Any CPU
		{640444CC-4172-4443-A76D-72241AE5182F}.Debug|Any CPU.Build.0 = Debug|Any CPU
		{640444CC-4172-4443-A76D-72241AE5182F}.Release|Any CPU.ActiveCfg = Release|Any CPU
		{640444CC-4172-4443-A76D-72241AE5182F}.Release|Any CPU.Build.0 = Release|Any CPU
		{640444CC-4172-4443-A76D-72241AE5182F}.Test|Any CPU.ActiveCfg = Test|Any CPU
		{640444CC-4172-4443-A76D-72241AE5182F}.Test|Any CPU.Build.0 = Test|Any CPU
		{4EE32E3D-BE29-488D-8785-E09132729E2E}.Debug|Any CPU.ActiveCfg = Debug|Any CPU
		{4EE32E3D-BE29-488D-8785-E09132729E2E}.Debug|Any CPU.Build.0 = Debug|Any CPU
		{4EE32E3D-BE29-488D-8785-E09132729E2E}.Release|Any CPU.ActiveCfg = Release|Any CPU
		{4EE32E3D-BE29-488D-8785-E09132729E2E}.Release|Any CPU.Build.0 = Release|Any CPU
		{4EE32E3D-BE29-488D-8785-E09132729E2E}.Test|Any CPU.ActiveCfg = Test|Any CPU
		{4EE32E3D-BE29-488D-8785-E09132729E2E}.Test|Any CPU.Build.0 = Test|Any CPU
		{B309F323-FD91-4147-8430-B8A748A5848D}.Debug|Any CPU.ActiveCfg = Debug|Any CPU
		{B309F323-FD91-4147-8430-B8A748A5848D}.Debug|Any CPU.Build.0 = Debug|Any CPU
		{B309F323-FD91-4147-8430-B8A748A5848D}.Release|Any CPU.ActiveCfg = Release|Any CPU
		{B309F323-FD91-4147-8430-B8A748A5848D}.Release|Any CPU.Build.0 = Release|Any CPU
		{B309F323-FD91-4147-8430-B8A748A5848D}.Test|Any CPU.ActiveCfg = Test|Any CPU
		{B309F323-FD91-4147-8430-B8A748A5848D}.Test|Any CPU.Build.0 = Test|Any CPU
		{7A24D66C-AF06-4CCB-B843-CDD6B5A7DA35}.Debug|Any CPU.ActiveCfg = Debug|Any CPU
		{7A24D66C-AF06-4CCB-B843-CDD6B5A7DA35}.Debug|Any CPU.Build.0 = Debug|Any CPU
		{7A24D66C-AF06-4CCB-B843-CDD6B5A7DA35}.Release|Any CPU.ActiveCfg = Release|Any CPU
		{7A24D66C-AF06-4CCB-B843-CDD6B5A7DA35}.Release|Any CPU.Build.0 = Release|Any CPU
		{7A24D66C-AF06-4CCB-B843-CDD6B5A7DA35}.Test|Any CPU.ActiveCfg = Test|Any CPU
		{7A24D66C-AF06-4CCB-B843-CDD6B5A7DA35}.Test|Any CPU.Build.0 = Test|Any CPU
		{8287E23B-4C8D-4D16-BC89-FA0433A41A71}.Debug|Any CPU.ActiveCfg = Debug|Any CPU
		{8287E23B-4C8D-4D16-BC89-FA0433A41A71}.Debug|Any CPU.Build.0 = Debug|Any CPU
		{8287E23B-4C8D-4D16-BC89-FA0433A41A71}.Release|Any CPU.ActiveCfg = Release|Any CPU
		{8287E23B-4C8D-4D16-BC89-FA0433A41A71}.Release|Any CPU.Build.0 = Release|Any CPU
		{8287E23B-4C8D-4D16-BC89-FA0433A41A71}.Test|Any CPU.ActiveCfg = Test|Any CPU
		{8287E23B-4C8D-4D16-BC89-FA0433A41A71}.Test|Any CPU.Build.0 = Test|Any CPU
		{6F60F7BE-99A4-42BC-A5BA-16C4B4ECF51D}.Debug|Any CPU.ActiveCfg = Debug|Any CPU
		{6F60F7BE-99A4-42BC-A5BA-16C4B4ECF51D}.Debug|Any CPU.Build.0 = Debug|Any CPU
		{6F60F7BE-99A4-42BC-A5BA-16C4B4ECF51D}.Release|Any CPU.ActiveCfg = Release|Any CPU
		{6F60F7BE-99A4-42BC-A5BA-16C4B4ECF51D}.Release|Any CPU.Build.0 = Release|Any CPU
		{6F60F7BE-99A4-42BC-A5BA-16C4B4ECF51D}.Test|Any CPU.ActiveCfg = Test|Any CPU
		{6F60F7BE-99A4-42BC-A5BA-16C4B4ECF51D}.Test|Any CPU.Build.0 = Test|Any CPU
		{2FB916BF-1163-4F4F-9DD1-0A1702F700BC}.Debug|Any CPU.ActiveCfg = Debug|Any CPU
		{2FB916BF-1163-4F4F-9DD1-0A1702F700BC}.Debug|Any CPU.Build.0 = Debug|Any CPU
		{2FB916BF-1163-4F4F-9DD1-0A1702F700BC}.Release|Any CPU.ActiveCfg = Release|Any CPU
		{2FB916BF-1163-4F4F-9DD1-0A1702F700BC}.Release|Any CPU.Build.0 = Release|Any CPU
		{2FB916BF-1163-4F4F-9DD1-0A1702F700BC}.Test|Any CPU.ActiveCfg = Test|Any CPU
		{2FB916BF-1163-4F4F-9DD1-0A1702F700BC}.Test|Any CPU.Build.0 = Test|Any CPU
		{575692A2-2716-4173-A406-320F67BB7D1E}.Debug|Any CPU.ActiveCfg = Debug|Any CPU
		{575692A2-2716-4173-A406-320F67BB7D1E}.Debug|Any CPU.Build.0 = Debug|Any CPU
		{575692A2-2716-4173-A406-320F67BB7D1E}.Release|Any CPU.ActiveCfg = Release|Any CPU
		{575692A2-2716-4173-A406-320F67BB7D1E}.Release|Any CPU.Build.0 = Release|Any CPU
		{575692A2-2716-4173-A406-320F67BB7D1E}.Test|Any CPU.ActiveCfg = Test|Any CPU
		{575692A2-2716-4173-A406-320F67BB7D1E}.Test|Any CPU.Build.0 = Test|Any CPU
		{A6C5C6F3-6DED-4CB7-962C-823551474746}.Debug|Any CPU.ActiveCfg = Debug|Any CPU
		{A6C5C6F3-6DED-4CB7-962C-823551474746}.Debug|Any CPU.Build.0 = Debug|Any CPU
		{A6C5C6F3-6DED-4CB7-962C-823551474746}.Release|Any CPU.ActiveCfg = Release|Any CPU
		{A6C5C6F3-6DED-4CB7-962C-823551474746}.Release|Any CPU.Build.0 = Release|Any CPU
		{A6C5C6F3-6DED-4CB7-962C-823551474746}.Test|Any CPU.ActiveCfg = Test|Any CPU
		{A6C5C6F3-6DED-4CB7-962C-823551474746}.Test|Any CPU.Build.0 = Test|Any CPU
		{EBD2DC82-AE75-4E9D-BAF1-03F0C16C4955}.Debug|Any CPU.ActiveCfg = Debug|Any CPU
		{EBD2DC82-AE75-4E9D-BAF1-03F0C16C4955}.Debug|Any CPU.Build.0 = Debug|Any CPU
		{EBD2DC82-AE75-4E9D-BAF1-03F0C16C4955}.Release|Any CPU.ActiveCfg = Release|Any CPU
		{EBD2DC82-AE75-4E9D-BAF1-03F0C16C4955}.Release|Any CPU.Build.0 = Release|Any CPU
		{EBD2DC82-AE75-4E9D-BAF1-03F0C16C4955}.Test|Any CPU.ActiveCfg = Test|Any CPU
		{EBD2DC82-AE75-4E9D-BAF1-03F0C16C4955}.Test|Any CPU.Build.0 = Test|Any CPU
		{9DAD3F69-C3B5-4010-AA52-A4A4B54E7F64}.Debug|Any CPU.ActiveCfg = Debug|Any CPU
		{9DAD3F69-C3B5-4010-AA52-A4A4B54E7F64}.Debug|Any CPU.Build.0 = Debug|Any CPU
		{9DAD3F69-C3B5-4010-AA52-A4A4B54E7F64}.Release|Any CPU.ActiveCfg = Release|Any CPU
		{9DAD3F69-C3B5-4010-AA52-A4A4B54E7F64}.Release|Any CPU.Build.0 = Release|Any CPU
		{9DAD3F69-C3B5-4010-AA52-A4A4B54E7F64}.Test|Any CPU.ActiveCfg = Test|Any CPU
		{9DAD3F69-C3B5-4010-AA52-A4A4B54E7F64}.Test|Any CPU.Build.0 = Test|Any CPU
	EndGlobalSection
	GlobalSection(SolutionProperties) = preSolution
		HideSolutionNode = FALSE
	EndGlobalSection
	GlobalSection(NestedProjects) = preSolution
		{6284F453-A392-4456-8B41-21C648EC3BD8} = {4207A553-34C8-4BFA-96BB-338602D742A3}
		{B0056DE4-610C-446B-B761-9E64D65A81AF} = {4207A553-34C8-4BFA-96BB-338602D742A3}
		{EC7645E1-FC3A-4D67-B8B7-2212BA2FA621} = {4207A553-34C8-4BFA-96BB-338602D742A3}
		{D8C47203-A8CE-4324-A977-B5FA991E6418} = {4207A553-34C8-4BFA-96BB-338602D742A3}
		{F9E98331-CDC2-4D2D-BD74-6D3A9C1A29DF} = {4207A553-34C8-4BFA-96BB-338602D742A3}
		{327D48CC-4FD2-49FA-BEDF-2295560F38B6} = {4207A553-34C8-4BFA-96BB-338602D742A3}
		{610F2462-9A34-48DA-9A04-6F7681659A8E} = {4207A553-34C8-4BFA-96BB-338602D742A3}
		{BD805E08-A9FD-4ADA-BF7F-504A9336AD14} = {4207A553-34C8-4BFA-96BB-338602D742A3}
		{C243AA93-29A3-4307-B66A-2C832E1B4096} = {4207A553-34C8-4BFA-96BB-338602D742A3}
		{410C7C9C-CDD7-4018-8526-3B9A207CDD89} = {4207A553-34C8-4BFA-96BB-338602D742A3}
		{DF2A7382-E165-4EF1-8E79-16ABB0AF1E7D} = {4207A553-34C8-4BFA-96BB-338602D742A3}
		{8287E23B-4C8D-4D16-BC89-FA0433A41A71} = {4207A553-34C8-4BFA-96BB-338602D742A3}
		{6F60F7BE-99A4-42BC-A5BA-16C4B4ECF51D} = {4207A553-34C8-4BFA-96BB-338602D742A3}
		{A6C5C6F3-6DED-4CB7-962C-823551474746} = {4207A553-34C8-4BFA-96BB-338602D742A3}
		{EBD2DC82-AE75-4E9D-BAF1-03F0C16C4955} = {4207A553-34C8-4BFA-96BB-338602D742A3}
		{9DAD3F69-C3B5-4010-AA52-A4A4B54E7F64} = {4207A553-34C8-4BFA-96BB-338602D742A3}
		{FC3A4FFE-EAEC-40F5-92EE-ACC13D0C224C} = {D14F1E02-CD51-44B4-A215-C205640E1477}
		{3C8EB881-7AA0-48C6-8725-AAE6DD4B76D5} = {D14F1E02-CD51-44B4-A215-C205640E1477}
		{60AF24AA-D929-47A0-83BF-66764448D14D} = {D14F1E02-CD51-44B4-A215-C205640E1477}
		{CDC06D4B-1094-4CF9-9A1F-80E5CB098CEA} = {D14F1E02-CD51-44B4-A215-C205640E1477}
		{BFDD1A8A-A381-49D3-A9DA-4023CC6B59ED} = {D14F1E02-CD51-44B4-A215-C205640E1477}
		{15B3E0D2-6217-493A-A690-158C497F5318} = {D14F1E02-CD51-44B4-A215-C205640E1477}
		{640444CC-4172-4443-A76D-72241AE5182F} = {D14F1E02-CD51-44B4-A215-C205640E1477}
		{B309F323-FD91-4147-8430-B8A748A5848D} = {D14F1E02-CD51-44B4-A215-C205640E1477}
		{7A24D66C-AF06-4CCB-B843-CDD6B5A7DA35} = {D14F1E02-CD51-44B4-A215-C205640E1477}
		{2FB916BF-1163-4F4F-9DD1-0A1702F700BC} = {D14F1E02-CD51-44B4-A215-C205640E1477}
		{575692A2-2716-4173-A406-320F67BB7D1E} = {D14F1E02-CD51-44B4-A215-C205640E1477}
		{F1EC5BE7-99E5-42C8-8000-A30B6B808820} = {3D2E5A42-AC4A-430E-B4AA-B99B9112AE24}
		{96110C66-1028-41AD-95BD-54A841DAFFBD} = {3D2E5A42-AC4A-430E-B4AA-B99B9112AE24}
		{C02F1895-0756-4100-AB85-50E8591F474B} = {3D2E5A42-AC4A-430E-B4AA-B99B9112AE24}
		{B1DD4FB8-D72F-423E-90BE-28F5CE8224EA} = {3D2E5A42-AC4A-430E-B4AA-B99B9112AE24}
		{6824122E-8456-4FF7-B101-081BFD8533B9} = {3D2E5A42-AC4A-430E-B4AA-B99B9112AE24}
		{4EE32E3D-BE29-488D-8785-E09132729E2E} = {3D2E5A42-AC4A-430E-B4AA-B99B9112AE24}
		{5DEE1362-7ED0-4A8D-BAB0-211DA7AD3C04} = {12F0EE69-34C4-4677-8A98-CA9D47FF3696}
		{241B6A51-3C94-44BE-B5A8-7E053BB75094} = {12F0EE69-34C4-4677-8A98-CA9D47FF3696}
	EndGlobalSection
EndGlobal
